// !$*UTF8*$!
{
	archiveVersion = 1;
	classes = {
	};
	objectVersion = 56;
	objects = {

/* Begin PBXBuildFile section */
		9A16123A2A6DE6CB0032743E /* CashFlowApp.swift in Sources */ = {isa = PBXBuildFile; fileRef = 9A1612392A6DE6CB0032743E /* CashFlowApp.swift */; };
		9A16123C2A6DE6CB0032743E /* ImageInputView.swift in Sources */ = {isa = PBXBuildFile; fileRef = 9A16123B2A6DE6CB0032743E /* ImageInputView.swift */; };
		9A16123E2A6DE6CE0032743E /* Assets.xcassets in Resources */ = {isa = PBXBuildFile; fileRef = 9A16123D2A6DE6CE0032743E /* Assets.xcassets */; };
		9A1612412A6DE6CE0032743E /* Preview Assets.xcassets in Resources */ = {isa = PBXBuildFile; fileRef = 9A1612402A6DE6CE0032743E /* Preview Assets.xcassets */; };
		9A4B72C62AA748760091E313 /* TransactionLogView.swift in Sources */ = {isa = PBXBuildFile; fileRef = 9A4B72C52AA748760091E313 /* TransactionLogView.swift */; };
		9A4B72C82AA7494B0091E313 /* GoogleService-Info.plist in Resources */ = {isa = PBXBuildFile; fileRef = 9A4B72C72AA7494B0091E313 /* GoogleService-Info.plist */; };
		9A6AD1952A957A9D0047CCD0 /* LoginView.swift in Sources */ = {isa = PBXBuildFile; fileRef = 9A6AD1942A957A9D0047CCD0 /* LoginView.swift */; };
		9A6AD1972A958F8E0047CCD0 /* SignupView.swift in Sources */ = {isa = PBXBuildFile; fileRef = 9A6AD1962A958F8E0047CCD0 /* SignupView.swift */; };
		9AB523502AB32522005EA49C /* ImageInputViewController.swift in Sources */ = {isa = PBXBuildFile; fileRef = 9AB5234F2AB32522005EA49C /* ImageInputViewController.swift */; };
		9AB523542AB32803005EA49C /* UIUtilities.swift in Sources */ = {isa = PBXBuildFile; fileRef = 9AB523532AB32803005EA49C /* UIUtilities.swift */; };
		9AB523572AB3DE95005EA49C /* image_has_text.jpg in Resources */ = {isa = PBXBuildFile; fileRef = 9AB523562AB3DE95005EA49C /* image_has_text.jpg */; };
		9AB523592AB3E2E9005EA49C /* MLKitExtensions.swift in Sources */ = {isa = PBXBuildFile; fileRef = 9AB523582AB3E2E9005EA49C /* MLKitExtensions.swift */; };
		9AB5235E2AB3FD46005EA49C /* Main.storyboard in Resources */ = {isa = PBXBuildFile; fileRef = 9AB5235D2AB3FD46005EA49C /* Main.storyboard */; };
		9ACDA9C32AB31FBD00002DE7 /* FirebaseAuth in Frameworks */ = {isa = PBXBuildFile; productRef = 9ACDA9C22AB31FBD00002DE7 /* FirebaseAuth */; };
		9ACDA9C52AB31FBD00002DE7 /* FirebaseAuthCombine-Community in Frameworks */ = {isa = PBXBuildFile; productRef = 9ACDA9C42AB31FBD00002DE7 /* FirebaseAuthCombine-Community */; };
		9ACDA9C72AB31FBD00002DE7 /* FirebaseDatabase in Frameworks */ = {isa = PBXBuildFile; productRef = 9ACDA9C62AB31FBD00002DE7 /* FirebaseDatabase */; };
		9ACDA9C92AB31FBD00002DE7 /* FirebaseDatabaseSwift in Frameworks */ = {isa = PBXBuildFile; productRef = 9ACDA9C82AB31FBD00002DE7 /* FirebaseDatabaseSwift */; };
		9ACDA9CB2AB31FBD00002DE7 /* FirebaseFirestore in Frameworks */ = {isa = PBXBuildFile; productRef = 9ACDA9CA2AB31FBD00002DE7 /* FirebaseFirestore */; };
		9ACDA9CD2AB31FBD00002DE7 /* FirebaseFirestoreCombine-Community in Frameworks */ = {isa = PBXBuildFile; productRef = 9ACDA9CC2AB31FBD00002DE7 /* FirebaseFirestoreCombine-Community */; };
		9ACDA9CF2AB31FBD00002DE7 /* FirebaseFirestoreSwift in Frameworks */ = {isa = PBXBuildFile; productRef = 9ACDA9CE2AB31FBD00002DE7 /* FirebaseFirestoreSwift */; };
		9ACDA9D12AB31FBD00002DE7 /* FirebaseStorage in Frameworks */ = {isa = PBXBuildFile; productRef = 9ACDA9D02AB31FBD00002DE7 /* FirebaseStorage */; };
		9ACDA9D32AB31FBD00002DE7 /* FirebaseStorageCombine-Community in Frameworks */ = {isa = PBXBuildFile; productRef = 9ACDA9D22AB31FBD00002DE7 /* FirebaseStorageCombine-Community */; };
		9AF2BAB92AA7AA6D00D64FC7 /* AuthViewModel.swift in Sources */ = {isa = PBXBuildFile; fileRef = 9AF2BAB82AA7AA6D00D64FC7 /* AuthViewModel.swift */; };
		B11B63CD9C3CA5F04BADDBAE /* Pods_CashFlow.framework in Frameworks */ = {isa = PBXBuildFile; fileRef = 6E1A9FD8F38EE961E777D265 /* Pods_CashFlow.framework */; };
/* End PBXBuildFile section */

/* Begin PBXFileReference section */
		6E1A9FD8F38EE961E777D265 /* Pods_CashFlow.framework */ = {isa = PBXFileReference; explicitFileType = wrapper.framework; includeInIndex = 0; path = Pods_CashFlow.framework; sourceTree = BUILT_PRODUCTS_DIR; };
		9A1612362A6DE6CB0032743E /* CashFlow.app */ = {isa = PBXFileReference; explicitFileType = wrapper.application; includeInIndex = 0; path = CashFlow.app; sourceTree = BUILT_PRODUCTS_DIR; };
		9A1612392A6DE6CB0032743E /* CashFlowApp.swift */ = {isa = PBXFileReference; lastKnownFileType = sourcecode.swift; path = CashFlowApp.swift; sourceTree = "<group>"; };
		9A16123B2A6DE6CB0032743E /* ImageInputView.swift */ = {isa = PBXFileReference; lastKnownFileType = sourcecode.swift; path = ImageInputView.swift; sourceTree = "<group>"; };
		9A16123D2A6DE6CE0032743E /* Assets.xcassets */ = {isa = PBXFileReference; lastKnownFileType = folder.assetcatalog; path = Assets.xcassets; sourceTree = "<group>"; };
		9A1612402A6DE6CE0032743E /* Preview Assets.xcassets */ = {isa = PBXFileReference; lastKnownFileType = folder.assetcatalog; path = "Preview Assets.xcassets"; sourceTree = "<group>"; };
		9A4B72C52AA748760091E313 /* TransactionLogView.swift */ = {isa = PBXFileReference; fileEncoding = 4; lastKnownFileType = sourcecode.swift; path = TransactionLogView.swift; sourceTree = "<group>"; };
		9A4B72C72AA7494B0091E313 /* GoogleService-Info.plist */ = {isa = PBXFileReference; fileEncoding = 4; lastKnownFileType = text.plist.xml; path = "GoogleService-Info.plist"; sourceTree = "<group>"; };
		9A6AD1942A957A9D0047CCD0 /* LoginView.swift */ = {isa = PBXFileReference; lastKnownFileType = sourcecode.swift; path = LoginView.swift; sourceTree = "<group>"; };
		9A6AD1962A958F8E0047CCD0 /* SignupView.swift */ = {isa = PBXFileReference; lastKnownFileType = sourcecode.swift; path = SignupView.swift; sourceTree = "<group>"; };
		9AB5234F2AB32522005EA49C /* ImageInputViewController.swift */ = {isa = PBXFileReference; lastKnownFileType = sourcecode.swift; path = ImageInputViewController.swift; sourceTree = "<group>"; };
		9AB523532AB32803005EA49C /* UIUtilities.swift */ = {isa = PBXFileReference; lastKnownFileType = sourcecode.swift; path = UIUtilities.swift; sourceTree = "<group>"; };
		9AB523562AB3DE95005EA49C /* image_has_text.jpg */ = {isa = PBXFileReference; lastKnownFileType = image.jpeg; path = image_has_text.jpg; sourceTree = "<group>"; };
		9AB523582AB3E2E9005EA49C /* MLKitExtensions.swift */ = {isa = PBXFileReference; lastKnownFileType = sourcecode.swift; path = MLKitExtensions.swift; sourceTree = "<group>"; };
		9AB5235D2AB3FD46005EA49C /* Main.storyboard */ = {isa = PBXFileReference; fileEncoding = 4; lastKnownFileType = file.storyboard; path = Main.storyboard; sourceTree = "<group>"; };
		9AF2BAB82AA7AA6D00D64FC7 /* AuthViewModel.swift */ = {isa = PBXFileReference; lastKnownFileType = sourcecode.swift; path = AuthViewModel.swift; sourceTree = "<group>"; };
		BE38DCDF0F19421B33AA677B /* Pods-CashFlow.release.xcconfig */ = {isa = PBXFileReference; includeInIndex = 1; lastKnownFileType = text.xcconfig; name = "Pods-CashFlow.release.xcconfig"; path = "Target Support Files/Pods-CashFlow/Pods-CashFlow.release.xcconfig"; sourceTree = "<group>"; };
		D355B3A2F7BC7D22BBEC71E3 /* Pods-CashFlow.debug.xcconfig */ = {isa = PBXFileReference; includeInIndex = 1; lastKnownFileType = text.xcconfig; name = "Pods-CashFlow.debug.xcconfig"; path = "Target Support Files/Pods-CashFlow/Pods-CashFlow.debug.xcconfig"; sourceTree = "<group>"; };
/* End PBXFileReference section */

/* Begin PBXFrameworksBuildPhase section */
		9A1612332A6DE6CB0032743E /* Frameworks */ = {
			isa = PBXFrameworksBuildPhase;
			buildActionMask = 2147483647;
			files = (
				9ACDA9C92AB31FBD00002DE7 /* FirebaseDatabaseSwift in Frameworks */,
				B11B63CD9C3CA5F04BADDBAE /* Pods_CashFlow.framework in Frameworks */,
				9ACDA9D32AB31FBD00002DE7 /* FirebaseStorageCombine-Community in Frameworks */,
				9ACDA9D12AB31FBD00002DE7 /* FirebaseStorage in Frameworks */,
				9ACDA9C52AB31FBD00002DE7 /* FirebaseAuthCombine-Community in Frameworks */,
				9ACDA9C72AB31FBD00002DE7 /* FirebaseDatabase in Frameworks */,
				9ACDA9C32AB31FBD00002DE7 /* FirebaseAuth in Frameworks */,
				9ACDA9CB2AB31FBD00002DE7 /* FirebaseFirestore in Frameworks */,
				9ACDA9CD2AB31FBD00002DE7 /* FirebaseFirestoreCombine-Community in Frameworks */,
				9ACDA9CF2AB31FBD00002DE7 /* FirebaseFirestoreSwift in Frameworks */,
			);
			runOnlyForDeploymentPostprocessing = 0;
		};
/* End PBXFrameworksBuildPhase section */

/* Begin PBXGroup section */
		7578F3A112C24358A72D8FF8 /* Pods */ = {
			isa = PBXGroup;
			children = (
				D355B3A2F7BC7D22BBEC71E3 /* Pods-CashFlow.debug.xcconfig */,
				BE38DCDF0F19421B33AA677B /* Pods-CashFlow.release.xcconfig */,
			);
			path = Pods;
			sourceTree = "<group>";
		};
		9A16122D2A6DE6CB0032743E = {
			isa = PBXGroup;
			children = (
				9AB523552AB3DE84005EA49C /* Resources */,
				9A1612382A6DE6CB0032743E /* CashFlow */,
				9A1612372A6DE6CB0032743E /* Products */,
				7578F3A112C24358A72D8FF8 /* Pods */,
				F45028F4A9B48F76572C9771 /* Frameworks */,
			);
			sourceTree = "<group>";
		};
		9A1612372A6DE6CB0032743E /* Products */ = {
			isa = PBXGroup;
			children = (
				9A1612362A6DE6CB0032743E /* CashFlow.app */,
			);
			name = Products;
			sourceTree = "<group>";
		};
		9A1612382A6DE6CB0032743E /* CashFlow */ = {
			isa = PBXGroup;
			children = (
				9A1612392A6DE6CB0032743E /* CashFlowApp.swift */,
				9ACDA9C02AB31BA600002DE7 /* ImageInput */,
				9A7445092AA01427009BA3F9 /* TransactionLog */,
				9A6AD1932A957A890047CCD0 /* LoginSignup */,
				9AB5235A2AB3F9F6005EA49C /* SupportingFiles */,
				9A16123F2A6DE6CE0032743E /* Preview Content */,
				9A16123D2A6DE6CE0032743E /* Assets.xcassets */,
				9A4B72C72AA7494B0091E313 /* GoogleService-Info.plist */,
			);
			path = CashFlow;
			sourceTree = "<group>";
		};
		9A16123F2A6DE6CE0032743E /* Preview Content */ = {
			isa = PBXGroup;
			children = (
				9A1612402A6DE6CE0032743E /* Preview Assets.xcassets */,
			);
			path = "Preview Content";
			sourceTree = "<group>";
		};
		9A6AD1932A957A890047CCD0 /* LoginSignup */ = {
			isa = PBXGroup;
			children = (
				9A6AD1942A957A9D0047CCD0 /* LoginView.swift */,
				9A6AD1962A958F8E0047CCD0 /* SignupView.swift */,
				9AF2BAB82AA7AA6D00D64FC7 /* AuthViewModel.swift */,
			);
			path = LoginSignup;
			sourceTree = "<group>";
		};
		9A7445092AA01427009BA3F9 /* TransactionLog */ = {
			isa = PBXGroup;
			children = (
				9A4B72C52AA748760091E313 /* TransactionLogView.swift */,
			);
			path = TransactionLog;
			sourceTree = "<group>";
		};
		9AB523552AB3DE84005EA49C /* Resources */ = {
			isa = PBXGroup;
			children = (
				9AB523562AB3DE95005EA49C /* image_has_text.jpg */,
			);
			path = Resources;
			sourceTree = "<group>";
		};
		9AB5235A2AB3F9F6005EA49C /* SupportingFiles */ = {
			isa = PBXGroup;
			children = (
				9AB5235D2AB3FD46005EA49C /* Main.storyboard */,
			);
			path = SupportingFiles;
			sourceTree = "<group>";
		};
		9ACDA9C02AB31BA600002DE7 /* ImageInput */ = {
			isa = PBXGroup;
			children = (
				9A16123B2A6DE6CB0032743E /* ImageInputView.swift */,
				9AB5234F2AB32522005EA49C /* ImageInputViewController.swift */,
				9AB523532AB32803005EA49C /* UIUtilities.swift */,
				9AB523582AB3E2E9005EA49C /* MLKitExtensions.swift */,
			);
			path = ImageInput;
			sourceTree = "<group>";
		};
		F45028F4A9B48F76572C9771 /* Frameworks */ = {
			isa = PBXGroup;
			children = (
				6E1A9FD8F38EE961E777D265 /* Pods_CashFlow.framework */,
			);
			name = Frameworks;
			sourceTree = "<group>";
		};
/* End PBXGroup section */

/* Begin PBXNativeTarget section */
		9A1612352A6DE6CB0032743E /* CashFlow */ = {
			isa = PBXNativeTarget;
			buildConfigurationList = 9A1612442A6DE6CE0032743E /* Build configuration list for PBXNativeTarget "CashFlow" */;
			buildPhases = (
				5F7AA1B9305FA413DA2A6651 /* [CP] Check Pods Manifest.lock */,
				9A1612322A6DE6CB0032743E /* Sources */,
				9A1612332A6DE6CB0032743E /* Frameworks */,
				9A1612342A6DE6CB0032743E /* Resources */,
				EEB52A2488C63AD9493BC1F0 /* [CP] Embed Pods Frameworks */,
				F253C05FBCBC63429071FFB1 /* [CP] Copy Pods Resources */,
			);
			buildRules = (
			);
			dependencies = (
			);
			name = CashFlow;
			packageProductDependencies = (
				9ACDA9C22AB31FBD00002DE7 /* FirebaseAuth */,
				9ACDA9C42AB31FBD00002DE7 /* FirebaseAuthCombine-Community */,
				9ACDA9C62AB31FBD00002DE7 /* FirebaseDatabase */,
				9ACDA9C82AB31FBD00002DE7 /* FirebaseDatabaseSwift */,
				9ACDA9CA2AB31FBD00002DE7 /* FirebaseFirestore */,
				9ACDA9CC2AB31FBD00002DE7 /* FirebaseFirestoreCombine-Community */,
				9ACDA9CE2AB31FBD00002DE7 /* FirebaseFirestoreSwift */,
				9ACDA9D02AB31FBD00002DE7 /* FirebaseStorage */,
				9ACDA9D22AB31FBD00002DE7 /* FirebaseStorageCombine-Community */,
			);
			productName = CashFlow;
			productReference = 9A1612362A6DE6CB0032743E /* CashFlow.app */;
			productType = "com.apple.product-type.application";
		};
/* End PBXNativeTarget section */

/* Begin PBXProject section */
		9A16122E2A6DE6CB0032743E /* Project object */ = {
			isa = PBXProject;
			attributes = {
				BuildIndependentTargetsInParallel = 1;
				LastSwiftUpdateCheck = 1430;
				LastUpgradeCheck = 1430;
				TargetAttributes = {
					9A1612352A6DE6CB0032743E = {
						CreatedOnToolsVersion = 14.3.1;
					};
				};
			};
			buildConfigurationList = 9A1612312A6DE6CB0032743E /* Build configuration list for PBXProject "CashFlow" */;
			compatibilityVersion = "Xcode 14.0";
			developmentRegion = en;
			hasScannedForEncodings = 0;
			knownRegions = (
				en,
				Base,
			);
			mainGroup = 9A16122D2A6DE6CB0032743E;
			packageReferences = (
				9ACDA9C12AB31FBD00002DE7 /* XCRemoteSwiftPackageReference "firebase-ios-sdk" */,
			);
			productRefGroup = 9A1612372A6DE6CB0032743E /* Products */;
			projectDirPath = "";
			projectRoot = "";
			targets = (
				9A1612352A6DE6CB0032743E /* CashFlow */,
			);
		};
/* End PBXProject section */

/* Begin PBXResourcesBuildPhase section */
		9A1612342A6DE6CB0032743E /* Resources */ = {
			isa = PBXResourcesBuildPhase;
			buildActionMask = 2147483647;
			files = (
				9A1612412A6DE6CE0032743E /* Preview Assets.xcassets in Resources */,
				9AB5235E2AB3FD46005EA49C /* Main.storyboard in Resources */,
				9A16123E2A6DE6CE0032743E /* Assets.xcassets in Resources */,
				9A4B72C82AA7494B0091E313 /* GoogleService-Info.plist in Resources */,
				9AB523572AB3DE95005EA49C /* image_has_text.jpg in Resources */,
			);
			runOnlyForDeploymentPostprocessing = 0;
		};
/* End PBXResourcesBuildPhase section */

/* Begin PBXShellScriptBuildPhase section */
		5F7AA1B9305FA413DA2A6651 /* [CP] Check Pods Manifest.lock */ = {
			isa = PBXShellScriptBuildPhase;
			buildActionMask = 2147483647;
			files = (
			);
			inputFileListPaths = (
			);
			inputPaths = (
				"${PODS_PODFILE_DIR_PATH}/Podfile.lock",
				"${PODS_ROOT}/Manifest.lock",
			);
			name = "[CP] Check Pods Manifest.lock";
			outputFileListPaths = (
			);
			outputPaths = (
				"$(DERIVED_FILE_DIR)/Pods-CashFlow-checkManifestLockResult.txt",
			);
			runOnlyForDeploymentPostprocessing = 0;
			shellPath = /bin/sh;
			shellScript = "diff \"${PODS_PODFILE_DIR_PATH}/Podfile.lock\" \"${PODS_ROOT}/Manifest.lock\" > /dev/null\nif [ $? != 0 ] ; then\n    # print error to STDERR\n    echo \"error: The sandbox is not in sync with the Podfile.lock. Run 'pod install' or update your CocoaPods installation.\" >&2\n    exit 1\nfi\n# This output is used by Xcode 'outputs' to avoid re-running this script phase.\necho \"SUCCESS\" > \"${SCRIPT_OUTPUT_FILE_0}\"\n";
			showEnvVarsInLog = 0;
		};
		EEB52A2488C63AD9493BC1F0 /* [CP] Embed Pods Frameworks */ = {
			isa = PBXShellScriptBuildPhase;
			buildActionMask = 2147483647;
			files = (
			);
			inputFileListPaths = (
				"${PODS_ROOT}/Target Support Files/Pods-CashFlow/Pods-CashFlow-frameworks-${CONFIGURATION}-input-files.xcfilelist",
			);
			name = "[CP] Embed Pods Frameworks";
			outputFileListPaths = (
				"${PODS_ROOT}/Target Support Files/Pods-CashFlow/Pods-CashFlow-frameworks-${CONFIGURATION}-output-files.xcfilelist",
			);
			runOnlyForDeploymentPostprocessing = 0;
			shellPath = /bin/sh;
			shellScript = "\"${PODS_ROOT}/Target Support Files/Pods-CashFlow/Pods-CashFlow-frameworks.sh\"\n";
			showEnvVarsInLog = 0;
		};
		F253C05FBCBC63429071FFB1 /* [CP] Copy Pods Resources */ = {
			isa = PBXShellScriptBuildPhase;
			buildActionMask = 2147483647;
			files = (
			);
			inputFileListPaths = (
				"${PODS_ROOT}/Target Support Files/Pods-CashFlow/Pods-CashFlow-resources-${CONFIGURATION}-input-files.xcfilelist",
			);
			name = "[CP] Copy Pods Resources";
			outputFileListPaths = (
				"${PODS_ROOT}/Target Support Files/Pods-CashFlow/Pods-CashFlow-resources-${CONFIGURATION}-output-files.xcfilelist",
			);
			runOnlyForDeploymentPostprocessing = 0;
			shellPath = /bin/sh;
			shellScript = "\"${PODS_ROOT}/Target Support Files/Pods-CashFlow/Pods-CashFlow-resources.sh\"\n";
			showEnvVarsInLog = 0;
		};
/* End PBXShellScriptBuildPhase section */

/* Begin PBXSourcesBuildPhase section */
		9A1612322A6DE6CB0032743E /* Sources */ = {
			isa = PBXSourcesBuildPhase;
			buildActionMask = 2147483647;
			files = (
				9A16123C2A6DE6CB0032743E /* ImageInputView.swift in Sources */,
				9A6AD1952A957A9D0047CCD0 /* LoginView.swift in Sources */,
				9AB523592AB3E2E9005EA49C /* MLKitExtensions.swift in Sources */,
				9AB523502AB32522005EA49C /* ImageInputViewController.swift in Sources */,
				9AF2BAB92AA7AA6D00D64FC7 /* AuthViewModel.swift in Sources */,
				9A4B72C62AA748760091E313 /* TransactionLogView.swift in Sources */,
				9A16123A2A6DE6CB0032743E /* CashFlowApp.swift in Sources */,
				9AB523542AB32803005EA49C /* UIUtilities.swift in Sources */,
				9A6AD1972A958F8E0047CCD0 /* SignupView.swift in Sources */,
			);
			runOnlyForDeploymentPostprocessing = 0;
		};
/* End PBXSourcesBuildPhase section */

/* Begin XCBuildConfiguration section */
		9A1612422A6DE6CE0032743E /* Debug */ = {
			isa = XCBuildConfiguration;
			buildSettings = {
				ALWAYS_SEARCH_USER_PATHS = NO;
				CLANG_ANALYZER_NONNULL = YES;
				CLANG_ANALYZER_NUMBER_OBJECT_CONVERSION = YES_AGGRESSIVE;
				CLANG_CXX_LANGUAGE_STANDARD = "gnu++20";
				CLANG_ENABLE_MODULES = YES;
				CLANG_ENABLE_OBJC_ARC = YES;
				CLANG_ENABLE_OBJC_WEAK = YES;
				CLANG_WARN_BLOCK_CAPTURE_AUTORELEASING = YES;
				CLANG_WARN_BOOL_CONVERSION = YES;
				CLANG_WARN_COMMA = YES;
				CLANG_WARN_CONSTANT_CONVERSION = YES;
				CLANG_WARN_DEPRECATED_OBJC_IMPLEMENTATIONS = YES;
				CLANG_WARN_DIRECT_OBJC_ISA_USAGE = YES_ERROR;
				CLANG_WARN_DOCUMENTATION_COMMENTS = YES;
				CLANG_WARN_EMPTY_BODY = YES;
				CLANG_WARN_ENUM_CONVERSION = YES;
				CLANG_WARN_INFINITE_RECURSION = YES;
				CLANG_WARN_INT_CONVERSION = YES;
				CLANG_WARN_NON_LITERAL_NULL_CONVERSION = YES;
				CLANG_WARN_OBJC_IMPLICIT_RETAIN_SELF = YES;
				CLANG_WARN_OBJC_LITERAL_CONVERSION = YES;
				CLANG_WARN_OBJC_ROOT_CLASS = YES_ERROR;
				CLANG_WARN_QUOTED_INCLUDE_IN_FRAMEWORK_HEADER = YES;
				CLANG_WARN_RANGE_LOOP_ANALYSIS = YES;
				CLANG_WARN_STRICT_PROTOTYPES = YES;
				CLANG_WARN_SUSPICIOUS_MOVE = YES;
				CLANG_WARN_UNGUARDED_AVAILABILITY = YES_AGGRESSIVE;
				CLANG_WARN_UNREACHABLE_CODE = YES;
				CLANG_WARN__DUPLICATE_METHOD_MATCH = YES;
				COPY_PHASE_STRIP = NO;
				DEBUG_INFORMATION_FORMAT = dwarf;
				ENABLE_STRICT_OBJC_MSGSEND = YES;
				ENABLE_TESTABILITY = YES;
				GCC_C_LANGUAGE_STANDARD = gnu11;
				GCC_DYNAMIC_NO_PIC = NO;
				GCC_NO_COMMON_BLOCKS = YES;
				GCC_OPTIMIZATION_LEVEL = 0;
				GCC_PREPROCESSOR_DEFINITIONS = (
					"DEBUG=1",
					"$(inherited)",
				);
				GCC_WARN_64_TO_32_BIT_CONVERSION = YES;
				GCC_WARN_ABOUT_RETURN_TYPE = YES_ERROR;
				GCC_WARN_UNDECLARED_SELECTOR = YES;
				GCC_WARN_UNINITIALIZED_AUTOS = YES_AGGRESSIVE;
				GCC_WARN_UNUSED_FUNCTION = YES;
				GCC_WARN_UNUSED_VARIABLE = YES;
				IPHONEOS_DEPLOYMENT_TARGET = 16.4;
				MTL_ENABLE_DEBUG_INFO = INCLUDE_SOURCE;
				MTL_FAST_MATH = YES;
				ONLY_ACTIVE_ARCH = YES;
				SDKROOT = iphoneos;
				SWIFT_ACTIVE_COMPILATION_CONDITIONS = DEBUG;
				SWIFT_OPTIMIZATION_LEVEL = "-Onone";
			};
			name = Debug;
		};
		9A1612432A6DE6CE0032743E /* Release */ = {
			isa = XCBuildConfiguration;
			buildSettings = {
				ALWAYS_SEARCH_USER_PATHS = NO;
				CLANG_ANALYZER_NONNULL = YES;
				CLANG_ANALYZER_NUMBER_OBJECT_CONVERSION = YES_AGGRESSIVE;
				CLANG_CXX_LANGUAGE_STANDARD = "gnu++20";
				CLANG_ENABLE_MODULES = YES;
				CLANG_ENABLE_OBJC_ARC = YES;
				CLANG_ENABLE_OBJC_WEAK = YES;
				CLANG_WARN_BLOCK_CAPTURE_AUTORELEASING = YES;
				CLANG_WARN_BOOL_CONVERSION = YES;
				CLANG_WARN_COMMA = YES;
				CLANG_WARN_CONSTANT_CONVERSION = YES;
				CLANG_WARN_DEPRECATED_OBJC_IMPLEMENTATIONS = YES;
				CLANG_WARN_DIRECT_OBJC_ISA_USAGE = YES_ERROR;
				CLANG_WARN_DOCUMENTATION_COMMENTS = YES;
				CLANG_WARN_EMPTY_BODY = YES;
				CLANG_WARN_ENUM_CONVERSION = YES;
				CLANG_WARN_INFINITE_RECURSION = YES;
				CLANG_WARN_INT_CONVERSION = YES;
				CLANG_WARN_NON_LITERAL_NULL_CONVERSION = YES;
				CLANG_WARN_OBJC_IMPLICIT_RETAIN_SELF = YES;
				CLANG_WARN_OBJC_LITERAL_CONVERSION = YES;
				CLANG_WARN_OBJC_ROOT_CLASS = YES_ERROR;
				CLANG_WARN_QUOTED_INCLUDE_IN_FRAMEWORK_HEADER = YES;
				CLANG_WARN_RANGE_LOOP_ANALYSIS = YES;
				CLANG_WARN_STRICT_PROTOTYPES = YES;
				CLANG_WARN_SUSPICIOUS_MOVE = YES;
				CLANG_WARN_UNGUARDED_AVAILABILITY = YES_AGGRESSIVE;
				CLANG_WARN_UNREACHABLE_CODE = YES;
				CLANG_WARN__DUPLICATE_METHOD_MATCH = YES;
				COPY_PHASE_STRIP = NO;
				DEBUG_INFORMATION_FORMAT = "dwarf-with-dsym";
				ENABLE_NS_ASSERTIONS = NO;
				ENABLE_STRICT_OBJC_MSGSEND = YES;
				GCC_C_LANGUAGE_STANDARD = gnu11;
				GCC_NO_COMMON_BLOCKS = YES;
				GCC_WARN_64_TO_32_BIT_CONVERSION = YES;
				GCC_WARN_ABOUT_RETURN_TYPE = YES_ERROR;
				GCC_WARN_UNDECLARED_SELECTOR = YES;
				GCC_WARN_UNINITIALIZED_AUTOS = YES_AGGRESSIVE;
				GCC_WARN_UNUSED_FUNCTION = YES;
				GCC_WARN_UNUSED_VARIABLE = YES;
				IPHONEOS_DEPLOYMENT_TARGET = 16.4;
				MTL_ENABLE_DEBUG_INFO = NO;
				MTL_FAST_MATH = YES;
				SDKROOT = iphoneos;
				SWIFT_COMPILATION_MODE = wholemodule;
				SWIFT_OPTIMIZATION_LEVEL = "-O";
				VALIDATE_PRODUCT = YES;
			};
			name = Release;
		};
		9A1612452A6DE6CE0032743E /* Debug */ = {
			isa = XCBuildConfiguration;
			baseConfigurationReference = D355B3A2F7BC7D22BBEC71E3 /* Pods-CashFlow.debug.xcconfig */;
			buildSettings = {
				ASSETCATALOG_COMPILER_APPICON_NAME = AppIcon;
				ASSETCATALOG_COMPILER_GLOBAL_ACCENT_COLOR_NAME = AccentColor;
				CODE_SIGN_STYLE = Automatic;
				CURRENT_PROJECT_VERSION = 1;
				DEVELOPMENT_ASSET_PATHS = "\"CashFlow/Preview Content\"";
				DEVELOPMENT_TEAM = 6HD9C3J3FV;
				ENABLE_PREVIEWS = YES;
				FirebaseAppDelegateProxyEnabled = NO;
				GENERATE_INFOPLIST_FILE = YES;
				INFOPLIST_KEY_NSCameraUsageDescription = "Esta aplicación utiliza los datos de su cámara para el escaneo automático de gastos.";
				INFOPLIST_KEY_UIApplicationSceneManifest_Generation = YES;
				INFOPLIST_KEY_UIApplicationSupportsIndirectInputEvents = YES;
				INFOPLIST_KEY_UILaunchScreen_Generation = YES;
				INFOPLIST_KEY_UISupportedInterfaceOrientations_iPad = "UIInterfaceOrientationPortrait UIInterfaceOrientationPortraitUpsideDown UIInterfaceOrientationLandscapeLeft UIInterfaceOrientationLandscapeRight";
				INFOPLIST_KEY_UISupportedInterfaceOrientations_iPhone = "UIInterfaceOrientationPortrait UIInterfaceOrientationLandscapeLeft UIInterfaceOrientationLandscapeRight";
				LD_RUNPATH_SEARCH_PATHS = (
					"$(inherited)",
					"@executable_path/Frameworks",
				);
				MARKETING_VERSION = 1.0;
				PRODUCT_BUNDLE_IDENTIFIER = com.cristobalcastrillon.CashFlow;
				PRODUCT_NAME = "$(TARGET_NAME)";
				SWIFT_EMIT_LOC_STRINGS = YES;
				SWIFT_VERSION = 5.0;
				TARGETED_DEVICE_FAMILY = "1,2";
			};
			name = Debug;
		};
		9A1612462A6DE6CE0032743E /* Release */ = {
			isa = XCBuildConfiguration;
			baseConfigurationReference = BE38DCDF0F19421B33AA677B /* Pods-CashFlow.release.xcconfig */;
			buildSettings = {
				ASSETCATALOG_COMPILER_APPICON_NAME = AppIcon;
				ASSETCATALOG_COMPILER_GLOBAL_ACCENT_COLOR_NAME = AccentColor;
				CODE_SIGN_STYLE = Automatic;
				CURRENT_PROJECT_VERSION = 1;
				DEVELOPMENT_ASSET_PATHS = "\"CashFlow/Preview Content\"";
				DEVELOPMENT_TEAM = 6HD9C3J3FV;
				ENABLE_PREVIEWS = YES;
				FirebaseAppDelegateProxyEnabled = NO;
				GENERATE_INFOPLIST_FILE = YES;
				INFOPLIST_KEY_NSCameraUsageDescription = "Esta aplicación utiliza los datos de su cámara para el escaneo automático de gastos.";
				INFOPLIST_KEY_UIApplicationSceneManifest_Generation = YES;
				INFOPLIST_KEY_UIApplicationSupportsIndirectInputEvents = YES;
				INFOPLIST_KEY_UILaunchScreen_Generation = YES;
				INFOPLIST_KEY_UISupportedInterfaceOrientations_iPad = "UIInterfaceOrientationPortrait UIInterfaceOrientationPortraitUpsideDown UIInterfaceOrientationLandscapeLeft UIInterfaceOrientationLandscapeRight";
				INFOPLIST_KEY_UISupportedInterfaceOrientations_iPhone = "UIInterfaceOrientationPortrait UIInterfaceOrientationLandscapeLeft UIInterfaceOrientationLandscapeRight";
				LD_RUNPATH_SEARCH_PATHS = (
					"$(inherited)",
					"@executable_path/Frameworks",
				);
				MARKETING_VERSION = 1.0;
				PRODUCT_BUNDLE_IDENTIFIER = com.cristobalcastrillon.CashFlow;
				PRODUCT_NAME = "$(TARGET_NAME)";
				SWIFT_EMIT_LOC_STRINGS = YES;
				SWIFT_VERSION = 5.0;
				TARGETED_DEVICE_FAMILY = "1,2";
			};
			name = Release;
		};
/* End XCBuildConfiguration section */

/* Begin XCConfigurationList section */
		9A1612312A6DE6CB0032743E /* Build configuration list for PBXProject "CashFlow" */ = {
			isa = XCConfigurationList;
			buildConfigurations = (
				9A1612422A6DE6CE0032743E /* Debug */,
				9A1612432A6DE6CE0032743E /* Release */,
			);
			defaultConfigurationIsVisible = 0;
			defaultConfigurationName = Release;
		};
		9A1612442A6DE6CE0032743E /* Build configuration list for PBXNativeTarget "CashFlow" */ = {
			isa = XCConfigurationList;
			buildConfigurations = (
				9A1612452A6DE6CE0032743E /* Debug */,
				9A1612462A6DE6CE0032743E /* Release */,
			);
			defaultConfigurationIsVisible = 0;
			defaultConfigurationName = Release;
		};
/* End XCConfigurationList section */

/* Begin XCRemoteSwiftPackageReference section */
		9ACDA9C12AB31FBD00002DE7 /* XCRemoteSwiftPackageReference "firebase-ios-sdk" */ = {
			isa = XCRemoteSwiftPackageReference;
			repositoryURL = "https://github.com/firebase/firebase-ios-sdk";
			requirement = {
				kind = upToNextMajorVersion;
				minimumVersion = 10.0.0;
			};
		};
/* End XCRemoteSwiftPackageReference section */

/* Begin XCSwiftPackageProductDependency section */
		9ACDA9C22AB31FBD00002DE7 /* FirebaseAuth */ = {
			isa = XCSwiftPackageProductDependency;
			package = 9ACDA9C12AB31FBD00002DE7 /* XCRemoteSwiftPackageReference "firebase-ios-sdk" */;
			productName = FirebaseAuth;
		};
		9ACDA9C42AB31FBD00002DE7 /* FirebaseAuthCombine-Community */ = {
			isa = XCSwiftPackageProductDependency;
			package = 9ACDA9C12AB31FBD00002DE7 /* XCRemoteSwiftPackageReference "firebase-ios-sdk" */;
			productName = "FirebaseAuthCombine-Community";
		};
		9ACDA9C62AB31FBD00002DE7 /* FirebaseDatabase */ = {
			isa = XCSwiftPackageProductDependency;
			package = 9ACDA9C12AB31FBD00002DE7 /* XCRemoteSwiftPackageReference "firebase-ios-sdk" */;
			productName = FirebaseDatabase;
		};
		9ACDA9C82AB31FBD00002DE7 /* FirebaseDatabaseSwift */ = {
			isa = XCSwiftPackageProductDependency;
			package = 9ACDA9C12AB31FBD00002DE7 /* XCRemoteSwiftPackageReference "firebase-ios-sdk" */;
			productName = FirebaseDatabaseSwift;
		};
		9ACDA9CA2AB31FBD00002DE7 /* FirebaseFirestore */ = {
			isa = XCSwiftPackageProductDependency;
			package = 9ACDA9C12AB31FBD00002DE7 /* XCRemoteSwiftPackageReference "firebase-ios-sdk" */;
			productName = FirebaseFirestore;
		};
		9ACDA9CC2AB31FBD00002DE7 /* FirebaseFirestoreCombine-Community */ = {
			isa = XCSwiftPackageProductDependency;
			package = 9ACDA9C12AB31FBD00002DE7 /* XCRemoteSwiftPackageReference "firebase-ios-sdk" */;
			productName = "FirebaseFirestoreCombine-Community";
		};
		9ACDA9CE2AB31FBD00002DE7 /* FirebaseFirestoreSwift */ = {
			isa = XCSwiftPackageProductDependency;
			package = 9ACDA9C12AB31FBD00002DE7 /* XCRemoteSwiftPackageReference "firebase-ios-sdk" */;
			productName = FirebaseFirestoreSwift;
		};
		9ACDA9D02AB31FBD00002DE7 /* FirebaseStorage */ = {
			isa = XCSwiftPackageProductDependency;
			package = 9ACDA9C12AB31FBD00002DE7 /* XCRemoteSwiftPackageReference "firebase-ios-sdk" */;
			productName = FirebaseStorage;
		};
		9ACDA9D22AB31FBD00002DE7 /* FirebaseStorageCombine-Community */ = {
			isa = XCSwiftPackageProductDependency;
			package = 9ACDA9C12AB31FBD00002DE7 /* XCRemoteSwiftPackageReference "firebase-ios-sdk" */;
			productName = "FirebaseStorageCombine-Community";
		};
/* End XCSwiftPackageProductDependency section */
	};
	rootObject = 9A16122E2A6DE6CB0032743E /* Project object */;
}
