// !$*UTF8*$!
{
	archiveVersion = 1;
	classes = {
	};
	objectVersion = 56;
	objects = {

/* Begin PBXBuildFile section */
		7F1518BD2AC680C70004540A /* MonthlyView.swift in Sources */ = {isa = PBXBuildFile; fileRef = 7F1518BC2AC680C70004540A /* MonthlyView.swift */; };
		7F1518C32AC71DA40004540A /* ChartMonthlyView.swift in Sources */ = {isa = PBXBuildFile; fileRef = 7F1518C22AC71DA40004540A /* ChartMonthlyView.swift */; };
		7F1518C52AC721290004540A /* AnyEntry.swift in Sources */ = {isa = PBXBuildFile; fileRef = 7F1518C42AC721290004540A /* AnyEntry.swift */; };
		7F1518C82AC73F030004540A /* TotalCustomView.swift in Sources */ = {isa = PBXBuildFile; fileRef = 7F1518C72AC73F030004540A /* TotalCustomView.swift */; };
		7F1518CA2AC73F310004540A /* TotalButton.swift in Sources */ = {isa = PBXBuildFile; fileRef = 7F1518C92AC73F310004540A /* TotalButton.swift */; };
		7F2600A32AEF1BC6004ADD71 /* SharedData.swift in Sources */ = {isa = PBXBuildFile; fileRef = 7F2600A22AEF1BC6004ADD71 /* SharedData.swift */; };
		7F3B430F2AC7EA0200DA791C /* PopUpIncomeView.swift in Sources */ = {isa = PBXBuildFile; fileRef = 7F3B430E2AC7EA0200DA791C /* PopUpIncomeView.swift */; };
		7F5793D92AC9737500C5877F /* ItemMenu.swift in Sources */ = {isa = PBXBuildFile; fileRef = 7F5793D82AC9737500C5877F /* ItemMenu.swift */; };
		7F8345D52AEB3F9B00E4D3DA /* EditProfileView.swift in Sources */ = {isa = PBXBuildFile; fileRef = 7F8345D42AEB3F9B00E4D3DA /* EditProfileView.swift */; };
		7F8345D82AEB64CE00E4D3DA /* EditIncomeView.swift in Sources */ = {isa = PBXBuildFile; fileRef = 7F8345D72AEB64CE00E4D3DA /* EditIncomeView.swift */; };
		7F8345DA2AEEEB1000E4D3DA /* EditExpenseView.swift in Sources */ = {isa = PBXBuildFile; fileRef = 7F8345D92AEEEB1000E4D3DA /* EditExpenseView.swift */; };
		7FCDB3772AC944FD00C6FFC5 /* MenuView.swift in Sources */ = {isa = PBXBuildFile; fileRef = 7FCDB3762AC944FD00C6FFC5 /* MenuView.swift */; };
		7FCDB3792AC9533B00C6FFC5 /* User.swift in Sources */ = {isa = PBXBuildFile; fileRef = 7FCDB3782AC9533B00C6FFC5 /* User.swift */; };
		9A16123A2A6DE6CB0032743E /* CashFlowApp.swift in Sources */ = {isa = PBXBuildFile; fileRef = 9A1612392A6DE6CB0032743E /* CashFlowApp.swift */; };
		9A16123E2A6DE6CE0032743E /* Assets.xcassets in Resources */ = {isa = PBXBuildFile; fileRef = 9A16123D2A6DE6CE0032743E /* Assets.xcassets */; };
		9A1612412A6DE6CE0032743E /* Preview Assets.xcassets in Resources */ = {isa = PBXBuildFile; fileRef = 9A1612402A6DE6CE0032743E /* Preview Assets.xcassets */; };
		9A4B72C62AA748760091E313 /* EntryLogView.swift in Sources */ = {isa = PBXBuildFile; fileRef = 9A4B72C52AA748760091E313 /* EntryLogView.swift */; };
		9A4B72C82AA7494B0091E313 /* GoogleService-Info.plist in Resources */ = {isa = PBXBuildFile; fileRef = 9A4B72C72AA7494B0091E313 /* GoogleService-Info.plist */; };
		9A656CF82AB67708003B2F42 /* GoogleSignIn in Frameworks */ = {isa = PBXBuildFile; productRef = 9A656CF72AB67708003B2F42 /* GoogleSignIn */; };
		9A656CFA2AB67708003B2F42 /* GoogleSignInSwift in Frameworks */ = {isa = PBXBuildFile; productRef = 9A656CF92AB67708003B2F42 /* GoogleSignInSwift */; };
		9A656CFE2ABD05ED003B2F42 /* FacebookLogin in Frameworks */ = {isa = PBXBuildFile; productRef = 9A656CFD2ABD05ED003B2F42 /* FacebookLogin */; };
		9A656D002ABD0A30003B2F42 /* FacebookAuthentication.swift in Sources */ = {isa = PBXBuildFile; fileRef = 9A656CFF2ABD0A30003B2F42 /* FacebookAuthentication.swift */; };
		9A6AD1952A957A9D0047CCD0 /* LoginView.swift in Sources */ = {isa = PBXBuildFile; fileRef = 9A6AD1942A957A9D0047CCD0 /* LoginView.swift */; };
		9A6AD1972A958F8E0047CCD0 /* SignupView.swift in Sources */ = {isa = PBXBuildFile; fileRef = 9A6AD1962A958F8E0047CCD0 /* SignupView.swift */; };
		9A70BD022ABE764200155BA9 /* TabBarButton.swift in Sources */ = {isa = PBXBuildFile; fileRef = 9A70BD012ABE764200155BA9 /* TabBarButton.swift */; };
		9A70BD042ABE76CF00155BA9 /* EdgeBorder.swift in Sources */ = {isa = PBXBuildFile; fileRef = 9A70BD032ABE76CF00155BA9 /* EdgeBorder.swift */; };
		9A70BD062ABE7BAF00155BA9 /* CustomTopTabBar.swift in Sources */ = {isa = PBXBuildFile; fileRef = 9A70BD052ABE7BAF00155BA9 /* CustomTopTabBar.swift */; };
		9A70BD092ABE802600155BA9 /* ImageInputViewControllerRepresentable.swift in Sources */ = {isa = PBXBuildFile; fileRef = 9A70BD082ABE802600155BA9 /* ImageInputViewControllerRepresentable.swift */; };
		9A70BD0C2AC091C400155BA9 /* ChartData.swift in Sources */ = {isa = PBXBuildFile; fileRef = 9A70BD0B2AC091C400155BA9 /* ChartData.swift */; };
		9A70BD102AC093C000155BA9 /* MiniDonut.swift in Sources */ = {isa = PBXBuildFile; fileRef = 9A70BD0F2AC093C000155BA9 /* MiniDonut.swift */; };
		9A70BD142AC0D6FC00155BA9 /* ExpenseHistoryRow.swift in Sources */ = {isa = PBXBuildFile; fileRef = 9A70BD132AC0D6FC00155BA9 /* ExpenseHistoryRow.swift */; };
		9A70BD162AC0D8AC00155BA9 /* ExpenseHistoryView.swift in Sources */ = {isa = PBXBuildFile; fileRef = 9A70BD152AC0D8AC00155BA9 /* ExpenseHistoryView.swift */; };
		9A70BD1D2AC0E84600155BA9 /* CategoryButton.swift in Sources */ = {isa = PBXBuildFile; fileRef = 9A70BD1C2AC0E84600155BA9 /* CategoryButton.swift */; };
		9A70BD2C2AC3C5E000155BA9 /* Income.swift in Sources */ = {isa = PBXBuildFile; fileRef = 9A70BD2B2AC3C5E000155BA9 /* Income.swift */; };
		9A70BD2F2AC3C65400155BA9 /* ExpenseCategory.swift in Sources */ = {isa = PBXBuildFile; fileRef = 9A70BD2E2AC3C65400155BA9 /* ExpenseCategory.swift */; };
		9A70BD312AC3C69D00155BA9 /* IncomeCategory.swift in Sources */ = {isa = PBXBuildFile; fileRef = 9A70BD302AC3C69D00155BA9 /* IncomeCategory.swift */; };
		9A70BD332AC3C6E200155BA9 /* Expense.swift in Sources */ = {isa = PBXBuildFile; fileRef = 9A70BD322AC3C6E200155BA9 /* Expense.swift */; };
		9A70BD372AC3C83400155BA9 /* Entry.swift in Sources */ = {isa = PBXBuildFile; fileRef = 9A70BD362AC3C83400155BA9 /* Entry.swift */; };
		9A70BD392AC5133800155BA9 /* SignUp.swift in Sources */ = {isa = PBXBuildFile; fileRef = 9A70BD382AC5133800155BA9 /* SignUp.swift */; };
		9A70BD3B2AC5134800155BA9 /* LogIn.swift in Sources */ = {isa = PBXBuildFile; fileRef = 9A70BD3A2AC5134800155BA9 /* LogIn.swift */; };
		9A70BD3D2AC5139C00155BA9 /* EnterExpense.swift in Sources */ = {isa = PBXBuildFile; fileRef = 9A70BD3C2AC5139C00155BA9 /* EnterExpense.swift */; };
		9A70BD3F2AC513B300155BA9 /* EnterIncome.swift in Sources */ = {isa = PBXBuildFile; fileRef = 9A70BD3E2AC513B300155BA9 /* EnterIncome.swift */; };
		9A70BD412AC513C300155BA9 /* ScanImage.swift in Sources */ = {isa = PBXBuildFile; fileRef = 9A70BD402AC513C300155BA9 /* ScanImage.swift */; };
		9A70BD432AC513D400155BA9 /* EditEntry.swift in Sources */ = {isa = PBXBuildFile; fileRef = 9A70BD422AC513D400155BA9 /* EditEntry.swift */; };
		9A70BD452AC513EA00155BA9 /* DeleteEntry.swift in Sources */ = {isa = PBXBuildFile; fileRef = 9A70BD442AC513EA00155BA9 /* DeleteEntry.swift */; };
		9A70BD4A2AC5155800155BA9 /* AddExpenseItem.swift in Sources */ = {isa = PBXBuildFile; fileRef = 9A70BD492AC5155800155BA9 /* AddExpenseItem.swift */; };
		9A70BD4C2AC5157100155BA9 /* EditExpenseItem.swift in Sources */ = {isa = PBXBuildFile; fileRef = 9A70BD4B2AC5157100155BA9 /* EditExpenseItem.swift */; };
		9A70BD4E2AC515E200155BA9 /* DeleteExpenseItem.swift in Sources */ = {isa = PBXBuildFile; fileRef = 9A70BD4D2AC515E200155BA9 /* DeleteExpenseItem.swift */; };
		9A70BD5A2AC518BF00155BA9 /* VisualizeEntryHistory.swift in Sources */ = {isa = PBXBuildFile; fileRef = 9A70BD592AC518BF00155BA9 /* VisualizeEntryHistory.swift */; };
		9A70BD5C2AC518E100155BA9 /* VisualizeInsights.swift in Sources */ = {isa = PBXBuildFile; fileRef = 9A70BD5B2AC518E100155BA9 /* VisualizeInsights.swift */; };
		9A70BD602AC51AC600155BA9 /* ColorExtension.swift in Sources */ = {isa = PBXBuildFile; fileRef = 9A70BD5F2AC51AC600155BA9 /* ColorExtension.swift */; };
		9A70BD622AC524D600155BA9 /* IncomeHistoryRow.swift in Sources */ = {isa = PBXBuildFile; fileRef = 9A70BD612AC524D600155BA9 /* IncomeHistoryRow.swift */; };
		9A70BD642AC527B400155BA9 /* IncomeHistoryView.swift in Sources */ = {isa = PBXBuildFile; fileRef = 9A70BD632AC527B400155BA9 /* IncomeHistoryView.swift */; };
		9A83CA5E2AE62FFE00B24196 /* AppDIContainer.swift in Sources */ = {isa = PBXBuildFile; fileRef = 9A83CA5D2AE62FFE00B24196 /* AppDIContainer.swift */; };
		9A83CA602AE6A80B00B24196 /* EntryLogDIContainer.swift in Sources */ = {isa = PBXBuildFile; fileRef = 9A83CA5F2AE6A80B00B24196 /* EntryLogDIContainer.swift */; };
		9A83CA622AE716E300B24196 /* ViewEntry.swift in Sources */ = {isa = PBXBuildFile; fileRef = 9A83CA612AE716E300B24196 /* ViewEntry.swift */; };
		9A83CA642AE7675C00B24196 /* DefaultIncomeRepository.swift in Sources */ = {isa = PBXBuildFile; fileRef = 9A83CA632AE7675C00B24196 /* DefaultIncomeRepository.swift */; };
		9A83CA662AE7685A00B24196 /* IncomeResponseDTO.swift in Sources */ = {isa = PBXBuildFile; fileRef = 9A83CA652AE7685A00B24196 /* IncomeResponseDTO.swift */; };
		9A83CA682AE9908600B24196 /* IncomeRequestDTO.swift in Sources */ = {isa = PBXBuildFile; fileRef = 9A83CA672AE9908600B24196 /* IncomeRequestDTO.swift */; };
		9A88D6DD2AE6016F00CF0B56 /* EntryHistoryViewModel.swift in Sources */ = {isa = PBXBuildFile; fileRef = 9A88D6DC2AE6016F00CF0B56 /* EntryHistoryViewModel.swift */; };
		9AB523502AB32522005EA49C /* ImageInputViewController.swift in Sources */ = {isa = PBXBuildFile; fileRef = 9AB5234F2AB32522005EA49C /* ImageInputViewController.swift */; };
		9AB523542AB32803005EA49C /* UIUtilities.swift in Sources */ = {isa = PBXBuildFile; fileRef = 9AB523532AB32803005EA49C /* UIUtilities.swift */; };
		9AB523572AB3DE95005EA49C /* image_has_text.jpg in Resources */ = {isa = PBXBuildFile; fileRef = 9AB523562AB3DE95005EA49C /* image_has_text.jpg */; };
		9AB523592AB3E2E9005EA49C /* MLKitExtensions.swift in Sources */ = {isa = PBXBuildFile; fileRef = 9AB523582AB3E2E9005EA49C /* MLKitExtensions.swift */; };
		9AB5235E2AB3FD46005EA49C /* Main.storyboard in Resources */ = {isa = PBXBuildFile; fileRef = 9AB5235D2AB3FD46005EA49C /* Main.storyboard */; };
		9ACDA9C32AB31FBD00002DE7 /* FirebaseAuth in Frameworks */ = {isa = PBXBuildFile; productRef = 9ACDA9C22AB31FBD00002DE7 /* FirebaseAuth */; };
		9ACDA9C52AB31FBD00002DE7 /* FirebaseAuthCombine-Community in Frameworks */ = {isa = PBXBuildFile; productRef = 9ACDA9C42AB31FBD00002DE7 /* FirebaseAuthCombine-Community */; };
		9ACDA9C72AB31FBD00002DE7 /* FirebaseDatabase in Frameworks */ = {isa = PBXBuildFile; productRef = 9ACDA9C62AB31FBD00002DE7 /* FirebaseDatabase */; };
		9ACDA9C92AB31FBD00002DE7 /* FirebaseDatabaseSwift in Frameworks */ = {isa = PBXBuildFile; productRef = 9ACDA9C82AB31FBD00002DE7 /* FirebaseDatabaseSwift */; };
		9ACDA9CB2AB31FBD00002DE7 /* FirebaseFirestore in Frameworks */ = {isa = PBXBuildFile; productRef = 9ACDA9CA2AB31FBD00002DE7 /* FirebaseFirestore */; };
		9ACDA9CD2AB31FBD00002DE7 /* FirebaseFirestoreCombine-Community in Frameworks */ = {isa = PBXBuildFile; productRef = 9ACDA9CC2AB31FBD00002DE7 /* FirebaseFirestoreCombine-Community */; };
		9ACDA9CF2AB31FBD00002DE7 /* FirebaseFirestoreSwift in Frameworks */ = {isa = PBXBuildFile; productRef = 9ACDA9CE2AB31FBD00002DE7 /* FirebaseFirestoreSwift */; };
		9ACDA9D12AB31FBD00002DE7 /* FirebaseStorage in Frameworks */ = {isa = PBXBuildFile; productRef = 9ACDA9D02AB31FBD00002DE7 /* FirebaseStorage */; };
		9ACDA9D32AB31FBD00002DE7 /* FirebaseStorageCombine-Community in Frameworks */ = {isa = PBXBuildFile; productRef = 9ACDA9D22AB31FBD00002DE7 /* FirebaseStorageCombine-Community */; };
		9AD1A30B2AE1BA530034972E /* ExpenseRepository.swift in Sources */ = {isa = PBXBuildFile; fileRef = 9AD1A30A2AE1BA530034972E /* ExpenseRepository.swift */; };
		9AD1A30D2AE1BA5F0034972E /* IncomeRepository.swift in Sources */ = {isa = PBXBuildFile; fileRef = 9AD1A30C2AE1BA5F0034972E /* IncomeRepository.swift */; };
		9AD1A30F2AE1D4E40034972E /* DefaultExpenseRepository.swift in Sources */ = {isa = PBXBuildFile; fileRef = 9AD1A30E2AE1D4E40034972E /* DefaultExpenseRepository.swift */; };
		9AD1A3122AE1D5770034972E /* APIEndpoints.swift in Sources */ = {isa = PBXBuildFile; fileRef = 9AD1A3112AE1D5770034972E /* APIEndpoints.swift */; };
		9AD1A3152AE1D5D90034972E /* ExpenseRequestDTO.swift in Sources */ = {isa = PBXBuildFile; fileRef = 9AD1A3142AE1D5D90034972E /* ExpenseRequestDTO.swift */; };
		9AD1A3172AE1D5E20034972E /* ExpenseResponseDTO.swift in Sources */ = {isa = PBXBuildFile; fileRef = 9AD1A3162AE1D5E20034972E /* ExpenseResponseDTO.swift */; };
		9AD1A31C2AE1E0720034972E /* Endpoint.swift in Sources */ = {isa = PBXBuildFile; fileRef = 9AD1A31B2AE1E0720034972E /* Endpoint.swift */; };
		9AD1A31E2AE1E0DA0034972E /* DataTransferService.swift in Sources */ = {isa = PBXBuildFile; fileRef = 9AD1A31D2AE1E0DA0034972E /* DataTransferService.swift */; };
		9AD1A3202AE1E0FA0034972E /* NetworkConfig.swift in Sources */ = {isa = PBXBuildFile; fileRef = 9AD1A31F2AE1E0FA0034972E /* NetworkConfig.swift */; };
		9AD1A3222AE1E10F0034972E /* NetworkService.swift in Sources */ = {isa = PBXBuildFile; fileRef = 9AD1A3212AE1E10F0034972E /* NetworkService.swift */; };
		9AD1A3242AE1E3250034972E /* RepositoryTask.swift in Sources */ = {isa = PBXBuildFile; fileRef = 9AD1A3232AE1E3250034972E /* RepositoryTask.swift */; };
		9AD1A3262AE1E36E0034972E /* Cancellable.swift in Sources */ = {isa = PBXBuildFile; fileRef = 9AD1A3252AE1E36E0034972E /* Cancellable.swift */; };
		9AD1A3292AE1FF0F0034972E /* AppConfiguration.swift in Sources */ = {isa = PBXBuildFile; fileRef = 9AD1A3282AE1FF0F0034972E /* AppConfiguration.swift */; };
		9AF2BAB92AA7AA6D00D64FC7 /* AuthViewModel.swift in Sources */ = {isa = PBXBuildFile; fileRef = 9AF2BAB82AA7AA6D00D64FC7 /* AuthViewModel.swift */; };
		B11B63CD9C3CA5F04BADDBAE /* Pods_CashFlow.framework in Frameworks */ = {isa = PBXBuildFile; fileRef = 6E1A9FD8F38EE961E777D265 /* Pods_CashFlow.framework */; };
/* End PBXBuildFile section */

/* Begin PBXFileReference section */
		6E1A9FD8F38EE961E777D265 /* Pods_CashFlow.framework */ = {isa = PBXFileReference; explicitFileType = wrapper.framework; includeInIndex = 0; path = Pods_CashFlow.framework; sourceTree = BUILT_PRODUCTS_DIR; };
		7F1518BC2AC680C70004540A /* MonthlyView.swift */ = {isa = PBXFileReference; lastKnownFileType = sourcecode.swift; path = MonthlyView.swift; sourceTree = "<group>"; };
		7F1518C22AC71DA40004540A /* ChartMonthlyView.swift */ = {isa = PBXFileReference; lastKnownFileType = sourcecode.swift; path = ChartMonthlyView.swift; sourceTree = "<group>"; };
		7F1518C42AC721290004540A /* AnyEntry.swift */ = {isa = PBXFileReference; lastKnownFileType = sourcecode.swift; path = AnyEntry.swift; sourceTree = "<group>"; };
		7F1518C72AC73F030004540A /* TotalCustomView.swift */ = {isa = PBXFileReference; lastKnownFileType = sourcecode.swift; path = TotalCustomView.swift; sourceTree = "<group>"; };
		7F1518C92AC73F310004540A /* TotalButton.swift */ = {isa = PBXFileReference; lastKnownFileType = sourcecode.swift; path = TotalButton.swift; sourceTree = "<group>"; };
		7F2600A22AEF1BC6004ADD71 /* SharedData.swift */ = {isa = PBXFileReference; lastKnownFileType = sourcecode.swift; path = SharedData.swift; sourceTree = "<group>"; };
		7F3B430E2AC7EA0200DA791C /* PopUpIncomeView.swift */ = {isa = PBXFileReference; lastKnownFileType = sourcecode.swift; path = PopUpIncomeView.swift; sourceTree = "<group>"; };
		7F5793D82AC9737500C5877F /* ItemMenu.swift */ = {isa = PBXFileReference; lastKnownFileType = sourcecode.swift; path = ItemMenu.swift; sourceTree = "<group>"; };
		7F8345D42AEB3F9B00E4D3DA /* EditProfileView.swift */ = {isa = PBXFileReference; lastKnownFileType = sourcecode.swift; path = EditProfileView.swift; sourceTree = "<group>"; };
		7F8345D72AEB64CE00E4D3DA /* EditIncomeView.swift */ = {isa = PBXFileReference; lastKnownFileType = sourcecode.swift; path = EditIncomeView.swift; sourceTree = "<group>"; };
		7F8345D92AEEEB1000E4D3DA /* EditExpenseView.swift */ = {isa = PBXFileReference; lastKnownFileType = sourcecode.swift; path = EditExpenseView.swift; sourceTree = "<group>"; };
		7FCDB3762AC944FD00C6FFC5 /* MenuView.swift */ = {isa = PBXFileReference; lastKnownFileType = sourcecode.swift; path = MenuView.swift; sourceTree = "<group>"; };
		7FCDB3782AC9533B00C6FFC5 /* User.swift */ = {isa = PBXFileReference; lastKnownFileType = sourcecode.swift; path = User.swift; sourceTree = "<group>"; };
		9A1612362A6DE6CB0032743E /* CashFlow.app */ = {isa = PBXFileReference; explicitFileType = wrapper.application; includeInIndex = 0; path = CashFlow.app; sourceTree = BUILT_PRODUCTS_DIR; };
		9A1612392A6DE6CB0032743E /* CashFlowApp.swift */ = {isa = PBXFileReference; lastKnownFileType = sourcecode.swift; path = CashFlowApp.swift; sourceTree = "<group>"; };
		9A16123D2A6DE6CE0032743E /* Assets.xcassets */ = {isa = PBXFileReference; lastKnownFileType = folder.assetcatalog; path = Assets.xcassets; sourceTree = "<group>"; };
		9A1612402A6DE6CE0032743E /* Preview Assets.xcassets */ = {isa = PBXFileReference; lastKnownFileType = folder.assetcatalog; path = "Preview Assets.xcassets"; sourceTree = "<group>"; };
		9A4B72C52AA748760091E313 /* EntryLogView.swift */ = {isa = PBXFileReference; fileEncoding = 4; lastKnownFileType = sourcecode.swift; path = EntryLogView.swift; sourceTree = "<group>"; };
		9A4B72C72AA7494B0091E313 /* GoogleService-Info.plist */ = {isa = PBXFileReference; fileEncoding = 4; lastKnownFileType = text.plist.xml; path = "GoogleService-Info.plist"; sourceTree = "<group>"; };
		9A656CFB2AB678A6003B2F42 /* Info.plist */ = {isa = PBXFileReference; lastKnownFileType = text.plist; path = Info.plist; sourceTree = "<group>"; };
		9A656CFF2ABD0A30003B2F42 /* FacebookAuthentication.swift */ = {isa = PBXFileReference; lastKnownFileType = sourcecode.swift; path = FacebookAuthentication.swift; sourceTree = "<group>"; };
		9A6AD1942A957A9D0047CCD0 /* LoginView.swift */ = {isa = PBXFileReference; lastKnownFileType = sourcecode.swift; path = LoginView.swift; sourceTree = "<group>"; };
		9A6AD1962A958F8E0047CCD0 /* SignupView.swift */ = {isa = PBXFileReference; lastKnownFileType = sourcecode.swift; path = SignupView.swift; sourceTree = "<group>"; };
		9A70BD012ABE764200155BA9 /* TabBarButton.swift */ = {isa = PBXFileReference; lastKnownFileType = sourcecode.swift; path = TabBarButton.swift; sourceTree = "<group>"; };
		9A70BD032ABE76CF00155BA9 /* EdgeBorder.swift */ = {isa = PBXFileReference; lastKnownFileType = sourcecode.swift; path = EdgeBorder.swift; sourceTree = "<group>"; };
		9A70BD052ABE7BAF00155BA9 /* CustomTopTabBar.swift */ = {isa = PBXFileReference; lastKnownFileType = sourcecode.swift; path = CustomTopTabBar.swift; sourceTree = "<group>"; };
		9A70BD082ABE802600155BA9 /* ImageInputViewControllerRepresentable.swift */ = {isa = PBXFileReference; lastKnownFileType = sourcecode.swift; path = ImageInputViewControllerRepresentable.swift; sourceTree = "<group>"; };
		9A70BD0B2AC091C400155BA9 /* ChartData.swift */ = {isa = PBXFileReference; lastKnownFileType = sourcecode.swift; path = ChartData.swift; sourceTree = "<group>"; };
		9A70BD0F2AC093C000155BA9 /* MiniDonut.swift */ = {isa = PBXFileReference; lastKnownFileType = sourcecode.swift; path = MiniDonut.swift; sourceTree = "<group>"; };
		9A70BD132AC0D6FC00155BA9 /* ExpenseHistoryRow.swift */ = {isa = PBXFileReference; lastKnownFileType = sourcecode.swift; path = ExpenseHistoryRow.swift; sourceTree = "<group>"; };
		9A70BD152AC0D8AC00155BA9 /* ExpenseHistoryView.swift */ = {isa = PBXFileReference; lastKnownFileType = sourcecode.swift; path = ExpenseHistoryView.swift; sourceTree = "<group>"; };
		9A70BD1C2AC0E84600155BA9 /* CategoryButton.swift */ = {isa = PBXFileReference; lastKnownFileType = sourcecode.swift; path = CategoryButton.swift; sourceTree = "<group>"; };
		9A70BD2B2AC3C5E000155BA9 /* Income.swift */ = {isa = PBXFileReference; lastKnownFileType = sourcecode.swift; path = Income.swift; sourceTree = "<group>"; };
		9A70BD2E2AC3C65400155BA9 /* ExpenseCategory.swift */ = {isa = PBXFileReference; lastKnownFileType = sourcecode.swift; path = ExpenseCategory.swift; sourceTree = "<group>"; };
		9A70BD302AC3C69D00155BA9 /* IncomeCategory.swift */ = {isa = PBXFileReference; lastKnownFileType = sourcecode.swift; path = IncomeCategory.swift; sourceTree = "<group>"; };
		9A70BD322AC3C6E200155BA9 /* Expense.swift */ = {isa = PBXFileReference; lastKnownFileType = sourcecode.swift; path = Expense.swift; sourceTree = "<group>"; };
		9A70BD362AC3C83400155BA9 /* Entry.swift */ = {isa = PBXFileReference; lastKnownFileType = sourcecode.swift; path = Entry.swift; sourceTree = "<group>"; };
		9A70BD382AC5133800155BA9 /* SignUp.swift */ = {isa = PBXFileReference; lastKnownFileType = sourcecode.swift; path = SignUp.swift; sourceTree = "<group>"; };
		9A70BD3A2AC5134800155BA9 /* LogIn.swift */ = {isa = PBXFileReference; lastKnownFileType = sourcecode.swift; path = LogIn.swift; sourceTree = "<group>"; };
		9A70BD3C2AC5139C00155BA9 /* EnterExpense.swift */ = {isa = PBXFileReference; lastKnownFileType = sourcecode.swift; path = EnterExpense.swift; sourceTree = "<group>"; };
		9A70BD3E2AC513B300155BA9 /* EnterIncome.swift */ = {isa = PBXFileReference; lastKnownFileType = sourcecode.swift; path = EnterIncome.swift; sourceTree = "<group>"; };
		9A70BD402AC513C300155BA9 /* ScanImage.swift */ = {isa = PBXFileReference; lastKnownFileType = sourcecode.swift; path = ScanImage.swift; sourceTree = "<group>"; };
		9A70BD422AC513D400155BA9 /* EditEntry.swift */ = {isa = PBXFileReference; lastKnownFileType = sourcecode.swift; path = EditEntry.swift; sourceTree = "<group>"; };
		9A70BD442AC513EA00155BA9 /* DeleteEntry.swift */ = {isa = PBXFileReference; lastKnownFileType = sourcecode.swift; path = DeleteEntry.swift; sourceTree = "<group>"; };
		9A70BD492AC5155800155BA9 /* AddExpenseItem.swift */ = {isa = PBXFileReference; lastKnownFileType = sourcecode.swift; path = AddExpenseItem.swift; sourceTree = "<group>"; };
		9A70BD4B2AC5157100155BA9 /* EditExpenseItem.swift */ = {isa = PBXFileReference; lastKnownFileType = sourcecode.swift; path = EditExpenseItem.swift; sourceTree = "<group>"; };
		9A70BD4D2AC515E200155BA9 /* DeleteExpenseItem.swift */ = {isa = PBXFileReference; lastKnownFileType = sourcecode.swift; path = DeleteExpenseItem.swift; sourceTree = "<group>"; };
		9A70BD592AC518BF00155BA9 /* VisualizeEntryHistory.swift */ = {isa = PBXFileReference; lastKnownFileType = sourcecode.swift; path = VisualizeEntryHistory.swift; sourceTree = "<group>"; };
		9A70BD5B2AC518E100155BA9 /* VisualizeInsights.swift */ = {isa = PBXFileReference; lastKnownFileType = sourcecode.swift; path = VisualizeInsights.swift; sourceTree = "<group>"; };
		9A70BD5F2AC51AC600155BA9 /* ColorExtension.swift */ = {isa = PBXFileReference; lastKnownFileType = sourcecode.swift; path = ColorExtension.swift; sourceTree = "<group>"; };
		9A70BD612AC524D600155BA9 /* IncomeHistoryRow.swift */ = {isa = PBXFileReference; lastKnownFileType = sourcecode.swift; path = IncomeHistoryRow.swift; sourceTree = "<group>"; };
		9A70BD632AC527B400155BA9 /* IncomeHistoryView.swift */ = {isa = PBXFileReference; lastKnownFileType = sourcecode.swift; path = IncomeHistoryView.swift; sourceTree = "<group>"; };
		9A83CA5D2AE62FFE00B24196 /* AppDIContainer.swift */ = {isa = PBXFileReference; lastKnownFileType = sourcecode.swift; path = AppDIContainer.swift; sourceTree = "<group>"; };
		9A83CA5F2AE6A80B00B24196 /* EntryLogDIContainer.swift */ = {isa = PBXFileReference; lastKnownFileType = sourcecode.swift; path = EntryLogDIContainer.swift; sourceTree = "<group>"; };
		9A83CA612AE716E300B24196 /* ViewEntry.swift */ = {isa = PBXFileReference; lastKnownFileType = sourcecode.swift; path = ViewEntry.swift; sourceTree = "<group>"; };
		9A83CA632AE7675C00B24196 /* DefaultIncomeRepository.swift */ = {isa = PBXFileReference; lastKnownFileType = sourcecode.swift; path = DefaultIncomeRepository.swift; sourceTree = "<group>"; };
		9A83CA652AE7685A00B24196 /* IncomeResponseDTO.swift */ = {isa = PBXFileReference; lastKnownFileType = sourcecode.swift; path = IncomeResponseDTO.swift; sourceTree = "<group>"; };
		9A83CA672AE9908600B24196 /* IncomeRequestDTO.swift */ = {isa = PBXFileReference; lastKnownFileType = sourcecode.swift; path = IncomeRequestDTO.swift; sourceTree = "<group>"; };
		9A88D6DC2AE6016F00CF0B56 /* EntryHistoryViewModel.swift */ = {isa = PBXFileReference; lastKnownFileType = sourcecode.swift; path = EntryHistoryViewModel.swift; sourceTree = "<group>"; };
		9AB5234F2AB32522005EA49C /* ImageInputViewController.swift */ = {isa = PBXFileReference; lastKnownFileType = sourcecode.swift; path = ImageInputViewController.swift; sourceTree = "<group>"; };
		9AB523532AB32803005EA49C /* UIUtilities.swift */ = {isa = PBXFileReference; lastKnownFileType = sourcecode.swift; path = UIUtilities.swift; sourceTree = "<group>"; };
		9AB523562AB3DE95005EA49C /* image_has_text.jpg */ = {isa = PBXFileReference; lastKnownFileType = image.jpeg; path = image_has_text.jpg; sourceTree = "<group>"; };
		9AB523582AB3E2E9005EA49C /* MLKitExtensions.swift */ = {isa = PBXFileReference; lastKnownFileType = sourcecode.swift; path = MLKitExtensions.swift; sourceTree = "<group>"; };
		9AB5235D2AB3FD46005EA49C /* Main.storyboard */ = {isa = PBXFileReference; fileEncoding = 4; lastKnownFileType = file.storyboard; path = Main.storyboard; sourceTree = "<group>"; };
		9AD1A30A2AE1BA530034972E /* ExpenseRepository.swift */ = {isa = PBXFileReference; lastKnownFileType = sourcecode.swift; path = ExpenseRepository.swift; sourceTree = "<group>"; };
		9AD1A30C2AE1BA5F0034972E /* IncomeRepository.swift */ = {isa = PBXFileReference; lastKnownFileType = sourcecode.swift; path = IncomeRepository.swift; sourceTree = "<group>"; };
		9AD1A30E2AE1D4E40034972E /* DefaultExpenseRepository.swift */ = {isa = PBXFileReference; lastKnownFileType = sourcecode.swift; path = DefaultExpenseRepository.swift; sourceTree = "<group>"; };
		9AD1A3112AE1D5770034972E /* APIEndpoints.swift */ = {isa = PBXFileReference; lastKnownFileType = sourcecode.swift; path = APIEndpoints.swift; sourceTree = "<group>"; };
		9AD1A3142AE1D5D90034972E /* ExpenseRequestDTO.swift */ = {isa = PBXFileReference; lastKnownFileType = sourcecode.swift; path = ExpenseRequestDTO.swift; sourceTree = "<group>"; };
		9AD1A3162AE1D5E20034972E /* ExpenseResponseDTO.swift */ = {isa = PBXFileReference; lastKnownFileType = sourcecode.swift; path = ExpenseResponseDTO.swift; sourceTree = "<group>"; };
		9AD1A31B2AE1E0720034972E /* Endpoint.swift */ = {isa = PBXFileReference; lastKnownFileType = sourcecode.swift; path = Endpoint.swift; sourceTree = "<group>"; };
		9AD1A31D2AE1E0DA0034972E /* DataTransferService.swift */ = {isa = PBXFileReference; lastKnownFileType = sourcecode.swift; path = DataTransferService.swift; sourceTree = "<group>"; };
		9AD1A31F2AE1E0FA0034972E /* NetworkConfig.swift */ = {isa = PBXFileReference; lastKnownFileType = sourcecode.swift; path = NetworkConfig.swift; sourceTree = "<group>"; };
		9AD1A3212AE1E10F0034972E /* NetworkService.swift */ = {isa = PBXFileReference; lastKnownFileType = sourcecode.swift; path = NetworkService.swift; sourceTree = "<group>"; };
		9AD1A3232AE1E3250034972E /* RepositoryTask.swift */ = {isa = PBXFileReference; lastKnownFileType = sourcecode.swift; path = RepositoryTask.swift; sourceTree = "<group>"; };
		9AD1A3252AE1E36E0034972E /* Cancellable.swift */ = {isa = PBXFileReference; lastKnownFileType = sourcecode.swift; path = Cancellable.swift; sourceTree = "<group>"; };
		9AD1A3282AE1FF0F0034972E /* AppConfiguration.swift */ = {isa = PBXFileReference; lastKnownFileType = sourcecode.swift; path = AppConfiguration.swift; sourceTree = "<group>"; };
		9AF2BAB82AA7AA6D00D64FC7 /* AuthViewModel.swift */ = {isa = PBXFileReference; lastKnownFileType = sourcecode.swift; path = AuthViewModel.swift; sourceTree = "<group>"; };
		BE38DCDF0F19421B33AA677B /* Pods-CashFlow.release.xcconfig */ = {isa = PBXFileReference; includeInIndex = 1; lastKnownFileType = text.xcconfig; name = "Pods-CashFlow.release.xcconfig"; path = "Target Support Files/Pods-CashFlow/Pods-CashFlow.release.xcconfig"; sourceTree = "<group>"; };
		D355B3A2F7BC7D22BBEC71E3 /* Pods-CashFlow.debug.xcconfig */ = {isa = PBXFileReference; includeInIndex = 1; lastKnownFileType = text.xcconfig; name = "Pods-CashFlow.debug.xcconfig"; path = "Target Support Files/Pods-CashFlow/Pods-CashFlow.debug.xcconfig"; sourceTree = "<group>"; };
/* End PBXFileReference section */

/* Begin PBXFrameworksBuildPhase section */
		9A1612332A6DE6CB0032743E /* Frameworks */ = {
			isa = PBXFrameworksBuildPhase;
			buildActionMask = 2147483647;
			files = (
				9ACDA9C92AB31FBD00002DE7 /* FirebaseDatabaseSwift in Frameworks */,
				B11B63CD9C3CA5F04BADDBAE /* Pods_CashFlow.framework in Frameworks */,
				9A656CF82AB67708003B2F42 /* GoogleSignIn in Frameworks */,
				9A656CFA2AB67708003B2F42 /* GoogleSignInSwift in Frameworks */,
				9ACDA9D32AB31FBD00002DE7 /* FirebaseStorageCombine-Community in Frameworks */,
				9ACDA9D12AB31FBD00002DE7 /* FirebaseStorage in Frameworks */,
				9ACDA9C52AB31FBD00002DE7 /* FirebaseAuthCombine-Community in Frameworks */,
				9A656CFE2ABD05ED003B2F42 /* FacebookLogin in Frameworks */,
				9ACDA9C72AB31FBD00002DE7 /* FirebaseDatabase in Frameworks */,
				9ACDA9C32AB31FBD00002DE7 /* FirebaseAuth in Frameworks */,
				9ACDA9CB2AB31FBD00002DE7 /* FirebaseFirestore in Frameworks */,
				9ACDA9CD2AB31FBD00002DE7 /* FirebaseFirestoreCombine-Community in Frameworks */,
				9ACDA9CF2AB31FBD00002DE7 /* FirebaseFirestoreSwift in Frameworks */,
			);
			runOnlyForDeploymentPostprocessing = 0;
		};
/* End PBXFrameworksBuildPhase section */

/* Begin PBXGroup section */
		7578F3A112C24358A72D8FF8 /* Pods */ = {
			isa = PBXGroup;
			children = (
				D355B3A2F7BC7D22BBEC71E3 /* Pods-CashFlow.debug.xcconfig */,
				BE38DCDF0F19421B33AA677B /* Pods-CashFlow.release.xcconfig */,
			);
			path = Pods;
			sourceTree = "<group>";
		};
		7F1518BE2AC71D470004540A /* Charts */ = {
			isa = PBXGroup;
			children = (
				7F1518C22AC71DA40004540A /* ChartMonthlyView.swift */,
			);
			path = Charts;
			sourceTree = "<group>";
		};
		7F1518C62AC73ED90004540A /* TotalCustom */ = {
			isa = PBXGroup;
			children = (
				7F1518C72AC73F030004540A /* TotalCustomView.swift */,
				7F1518C92AC73F310004540A /* TotalButton.swift */,
			);
			path = TotalCustom;
			sourceTree = "<group>";
		};
		7F3B430B2AC7E93D00DA791C /* IncomeEntry */ = {
			isa = PBXGroup;
			children = (
				7F3B430E2AC7EA0200DA791C /* PopUpIncomeView.swift */,
			);
			path = IncomeEntry;
			sourceTree = "<group>";
		};
		7F8345D62AEB64AF00E4D3DA /* EditEntry */ = {
			isa = PBXGroup;
			children = (
				7F8345D72AEB64CE00E4D3DA /* EditIncomeView.swift */,
				7F8345D92AEEEB1000E4D3DA /* EditExpenseView.swift */,
			);
			path = EditEntry;
			sourceTree = "<group>";
		};
		7FCDB3752AC944E500C6FFC5 /* Menu */ = {
			isa = PBXGroup;
			children = (
				7FCDB3762AC944FD00C6FFC5 /* MenuView.swift */,
				7F8345D42AEB3F9B00E4D3DA /* EditProfileView.swift */,
			);
			path = Menu;
			sourceTree = "<group>";
		};
		9A16122D2A6DE6CB0032743E = {
			isa = PBXGroup;
			children = (
				9AB523552AB3DE84005EA49C /* Resources */,
				9A1612382A6DE6CB0032743E /* CashFlow */,
				9A1612372A6DE6CB0032743E /* Products */,
				7578F3A112C24358A72D8FF8 /* Pods */,
				F45028F4A9B48F76572C9771 /* Frameworks */,
			);
			sourceTree = "<group>";
		};
		9A1612372A6DE6CB0032743E /* Products */ = {
			isa = PBXGroup;
			children = (
				9A1612362A6DE6CB0032743E /* CashFlow.app */,
			);
			name = Products;
			sourceTree = "<group>";
		};
		9A1612382A6DE6CB0032743E /* CashFlow */ = {
			isa = PBXGroup;
			children = (
				9AD1A3272AE1FEF40034972E /* Application */,
				9A70BD212AC3B29A00155BA9 /* Presentation */,
				9A70BD202AC3B29000155BA9 /* Domain */,
				9A70BD1F2AC3B28B00155BA9 /* Data */,
				9A70BD1E2AC3B28600155BA9 /* Core */,
				9AD1A3192AE1E05D0034972E /* Infrastructure */,
				9A16123F2A6DE6CE0032743E /* Preview Content */,
				9A16123D2A6DE6CE0032743E /* Assets.xcassets */,
				9A4B72C72AA7494B0091E313 /* GoogleService-Info.plist */,
				9A656CFB2AB678A6003B2F42 /* Info.plist */,
			);
			path = CashFlow;
			sourceTree = "<group>";
		};
		9A16123F2A6DE6CE0032743E /* Preview Content */ = {
			isa = PBXGroup;
			children = (
				9A1612402A6DE6CE0032743E /* Preview Assets.xcassets */,
			);
			path = "Preview Content";
			sourceTree = "<group>";
		};
		9A70BD072ABE7E7100155BA9 /* CustomTopTabBar */ = {
			isa = PBXGroup;
			children = (
				9A70BD012ABE764200155BA9 /* TabBarButton.swift */,
				9A70BD032ABE76CF00155BA9 /* EdgeBorder.swift */,
				9A70BD052ABE7BAF00155BA9 /* CustomTopTabBar.swift */,
			);
			path = CustomTopTabBar;
			sourceTree = "<group>";
		};
		9A70BD0A2AC091AC00155BA9 /* Donut */ = {
			isa = PBXGroup;
			children = (
				9A70BD0B2AC091C400155BA9 /* ChartData.swift */,
				9A70BD0F2AC093C000155BA9 /* MiniDonut.swift */,
				9A70BD1C2AC0E84600155BA9 /* CategoryButton.swift */,
			);
			path = Donut;
			sourceTree = "<group>";
		};
		9A70BD1E2AC3B28600155BA9 /* Core */ = {
			isa = PBXGroup;
			children = (
				9A70BD5E2AC51A9A00155BA9 /* Util */,
				9A70BD342AC3C76000155BA9 /* Enumerations */,
				9AB5235A2AB3F9F6005EA49C /* SupportingFiles */,
			);
			path = Core;
			sourceTree = "<group>";
		};
		9A70BD1F2AC3B28B00155BA9 /* Data */ = {
			isa = PBXGroup;
			children = (
				9AD1A3102AE1D56B0034972E /* Network */,
				9AD1A30E2AE1D4E40034972E /* DefaultExpenseRepository.swift */,
				9A83CA632AE7675C00B24196 /* DefaultIncomeRepository.swift */,
			);
			path = Data;
			sourceTree = "<group>";
		};
		9A70BD202AC3B29000155BA9 /* Domain */ = {
			isa = PBXGroup;
			children = (
				9A70BD282AC3B3F100155BA9 /* UseCase */,
				9A70BD272AC3B3E100155BA9 /* Repository */,
				9A70BD262AC3B3DB00155BA9 /* Model */,
			);
			path = Domain;
			sourceTree = "<group>";
		};
		9A70BD212AC3B29A00155BA9 /* Presentation */ = {
			isa = PBXGroup;
			children = (
				7FCDB3752AC944E500C6FFC5 /* Menu */,
				9A70BD552AC5178800155BA9 /* Entry */,
				9A70BD252AC3B39600155BA9 /* Authentication */,
			);
			path = Presentation;
			sourceTree = "<group>";
		};
		9A70BD222AC3B2C000155BA9 /* ImageInput */ = {
			isa = PBXGroup;
			children = (
				9AB5234F2AB32522005EA49C /* ImageInputViewController.swift */,
				9A70BD082ABE802600155BA9 /* ImageInputViewControllerRepresentable.swift */,
			);
			path = ImageInput;
			sourceTree = "<group>";
		};
		9A70BD252AC3B39600155BA9 /* Authentication */ = {
			isa = PBXGroup;
			children = (
				9A6AD1942A957A9D0047CCD0 /* LoginView.swift */,
				9A6AD1962A958F8E0047CCD0 /* SignupView.swift */,
				9AF2BAB82AA7AA6D00D64FC7 /* AuthViewModel.swift */,
				9A656CFF2ABD0A30003B2F42 /* FacebookAuthentication.swift */,
			);
			path = Authentication;
			sourceTree = "<group>";
		};
		9A70BD262AC3B3DB00155BA9 /* Model */ = {
			isa = PBXGroup;
			children = (
				9A70BD2B2AC3C5E000155BA9 /* Income.swift */,
				9A70BD322AC3C6E200155BA9 /* Expense.swift */,
				9A70BD362AC3C83400155BA9 /* Entry.swift */,
				7F1518C42AC721290004540A /* AnyEntry.swift */,
				7FCDB3782AC9533B00C6FFC5 /* User.swift */,
				7F2600A22AEF1BC6004ADD71 /* SharedData.swift */,
			);
			path = Model;
			sourceTree = "<group>";
		};
		9A70BD272AC3B3E100155BA9 /* Repository */ = {
			isa = PBXGroup;
			children = (
				9AD1A30A2AE1BA530034972E /* ExpenseRepository.swift */,
				9AD1A30C2AE1BA5F0034972E /* IncomeRepository.swift */,
			);
			path = Repository;
			sourceTree = "<group>";
		};
		9A70BD282AC3B3F100155BA9 /* UseCase */ = {
			isa = PBXGroup;
			children = (
				9A70BD5D2AC5194F00155BA9 /* HistoryInsights */,
				9A70BD472AC514E200155BA9 /* Entry */,
				9A70BD462AC513F900155BA9 /* Authentication */,
			);
			path = UseCase;
			sourceTree = "<group>";
		};
		9A70BD342AC3C76000155BA9 /* Enumerations */ = {
			isa = PBXGroup;
			children = (
				9A70BD2E2AC3C65400155BA9 /* ExpenseCategory.swift */,
				9A70BD302AC3C69D00155BA9 /* IncomeCategory.swift */,
				7F5793D82AC9737500C5877F /* ItemMenu.swift */,
			);
			path = Enumerations;
			sourceTree = "<group>";
		};
		9A70BD462AC513F900155BA9 /* Authentication */ = {
			isa = PBXGroup;
			children = (
				9A70BD3A2AC5134800155BA9 /* LogIn.swift */,
				9A70BD382AC5133800155BA9 /* SignUp.swift */,
			);
			path = Authentication;
			sourceTree = "<group>";
		};
		9A70BD472AC514E200155BA9 /* Entry */ = {
			isa = PBXGroup;
			children = (
				9A83CA612AE716E300B24196 /* ViewEntry.swift */,
				9A70BD442AC513EA00155BA9 /* DeleteEntry.swift */,
				9A70BD3E2AC513B300155BA9 /* EnterIncome.swift */,
				9A70BD542AC5172F00155BA9 /* EnterExpense */,
				9A70BD482AC5152100155BA9 /* EditEntry */,
			);
			path = Entry;
			sourceTree = "<group>";
		};
		9A70BD482AC5152100155BA9 /* EditEntry */ = {
			isa = PBXGroup;
			children = (
				9A70BD422AC513D400155BA9 /* EditEntry.swift */,
				9A70BD502AC5161900155BA9 /* EditIncome */,
				9A70BD4F2AC515F800155BA9 /* EditExpense */,
			);
			path = EditEntry;
			sourceTree = "<group>";
		};
		9A70BD4F2AC515F800155BA9 /* EditExpense */ = {
			isa = PBXGroup;
			children = (
				9A70BD492AC5155800155BA9 /* AddExpenseItem.swift */,
				9A70BD4B2AC5157100155BA9 /* EditExpenseItem.swift */,
				9A70BD4D2AC515E200155BA9 /* DeleteExpenseItem.swift */,
			);
			path = EditExpense;
			sourceTree = "<group>";
		};
		9A70BD502AC5161900155BA9 /* EditIncome */ = {
			isa = PBXGroup;
			children = (
			);
			path = EditIncome;
			sourceTree = "<group>";
		};
		9A70BD542AC5172F00155BA9 /* EnterExpense */ = {
			isa = PBXGroup;
			children = (
				9A70BD3C2AC5139C00155BA9 /* EnterExpense.swift */,
				9A70BD402AC513C300155BA9 /* ScanImage.swift */,
			);
			path = EnterExpense;
			sourceTree = "<group>";
		};
		9A70BD552AC5178800155BA9 /* Entry */ = {
			isa = PBXGroup;
			children = (
				9A70BD562AC5179B00155BA9 /* EntryLog */,
				9A70BD222AC3B2C000155BA9 /* ImageInput */,
			);
			path = Entry;
			sourceTree = "<group>";
		};
		9A70BD562AC5179B00155BA9 /* EntryLog */ = {
			isa = PBXGroup;
			children = (
				7F8345D62AEB64AF00E4D3DA /* EditEntry */,
				9A4B72C52AA748760091E313 /* EntryLogView.swift */,
				7F3B430B2AC7E93D00DA791C /* IncomeEntry */,
				9A70BD652AC798E100155BA9 /* Insights */,
				9A70BD572AC517FA00155BA9 /* EntryHistory */,
				9A70BD072ABE7E7100155BA9 /* CustomTopTabBar */,
				7F1518C62AC73ED90004540A /* TotalCustom */,
				9A70BD0A2AC091AC00155BA9 /* Donut */,
			);
			path = EntryLog;
			sourceTree = "<group>";
		};
		9A70BD572AC517FA00155BA9 /* EntryHistory */ = {
			isa = PBXGroup;
			children = (
				9A70BD152AC0D8AC00155BA9 /* ExpenseHistoryView.swift */,
				9A70BD632AC527B400155BA9 /* IncomeHistoryView.swift */,
				9A70BD132AC0D6FC00155BA9 /* ExpenseHistoryRow.swift */,
				9A70BD612AC524D600155BA9 /* IncomeHistoryRow.swift */,
				9A88D6DC2AE6016F00CF0B56 /* EntryHistoryViewModel.swift */,
			);
			path = EntryHistory;
			sourceTree = "<group>";
		};
		9A70BD5D2AC5194F00155BA9 /* HistoryInsights */ = {
			isa = PBXGroup;
			children = (
				9A70BD592AC518BF00155BA9 /* VisualizeEntryHistory.swift */,
				9A70BD5B2AC518E100155BA9 /* VisualizeInsights.swift */,
			);
			path = HistoryInsights;
			sourceTree = "<group>";
		};
		9A70BD5E2AC51A9A00155BA9 /* Util */ = {
			isa = PBXGroup;
			children = (
				9AB523532AB32803005EA49C /* UIUtilities.swift */,
				9AB523582AB3E2E9005EA49C /* MLKitExtensions.swift */,
				9A70BD5F2AC51AC600155BA9 /* ColorExtension.swift */,
				9AD1A3232AE1E3250034972E /* RepositoryTask.swift */,
				9AD1A3252AE1E36E0034972E /* Cancellable.swift */,
			);
			path = Util;
			sourceTree = "<group>";
		};
		9A70BD652AC798E100155BA9 /* Insights */ = {
			isa = PBXGroup;
			children = (
				7F1518BE2AC71D470004540A /* Charts */,
				7F1518BC2AC680C70004540A /* MonthlyView.swift */,
			);
			path = Insights;
			sourceTree = "<group>";
		};
		9A83CA5C2AE62FE100B24196 /* DIContainer */ = {
			isa = PBXGroup;
			children = (
				9A83CA5D2AE62FFE00B24196 /* AppDIContainer.swift */,
				9A83CA5F2AE6A80B00B24196 /* EntryLogDIContainer.swift */,
			);
			path = DIContainer;
			sourceTree = "<group>";
		};
		9AB523552AB3DE84005EA49C /* Resources */ = {
			isa = PBXGroup;
			children = (
				9AB523562AB3DE95005EA49C /* image_has_text.jpg */,
			);
			path = Resources;
			sourceTree = "<group>";
		};
		9AB5235A2AB3F9F6005EA49C /* SupportingFiles */ = {
			isa = PBXGroup;
			children = (
				9AB5235D2AB3FD46005EA49C /* Main.storyboard */,
			);
			path = SupportingFiles;
			sourceTree = "<group>";
		};
		9AD1A3102AE1D56B0034972E /* Network */ = {
			isa = PBXGroup;
			children = (
				9AD1A3132AE1D5BF0034972E /* DataMapping */,
				9AD1A3112AE1D5770034972E /* APIEndpoints.swift */,
			);
			path = Network;
			sourceTree = "<group>";
		};
		9AD1A3132AE1D5BF0034972E /* DataMapping */ = {
			isa = PBXGroup;
			children = (
				9AD1A3142AE1D5D90034972E /* ExpenseRequestDTO.swift */,
				9AD1A3162AE1D5E20034972E /* ExpenseResponseDTO.swift */,
				9A83CA652AE7685A00B24196 /* IncomeResponseDTO.swift */,
				9A83CA672AE9908600B24196 /* IncomeRequestDTO.swift */,
			);
			path = DataMapping;
			sourceTree = "<group>";
		};
		9AD1A3192AE1E05D0034972E /* Infrastructure */ = {
			isa = PBXGroup;
			children = (
				9AD1A31A2AE1E0650034972E /* Network */,
			);
			path = Infrastructure;
			sourceTree = "<group>";
		};
		9AD1A31A2AE1E0650034972E /* Network */ = {
			isa = PBXGroup;
			children = (
				9AD1A31B2AE1E0720034972E /* Endpoint.swift */,
				9AD1A31D2AE1E0DA0034972E /* DataTransferService.swift */,
				9AD1A31F2AE1E0FA0034972E /* NetworkConfig.swift */,
				9AD1A3212AE1E10F0034972E /* NetworkService.swift */,
			);
			path = Network;
			sourceTree = "<group>";
		};
		9AD1A3272AE1FEF40034972E /* Application */ = {
			isa = PBXGroup;
			children = (
				9A1612392A6DE6CB0032743E /* CashFlowApp.swift */,
				9AD1A3282AE1FF0F0034972E /* AppConfiguration.swift */,
				9A83CA5C2AE62FE100B24196 /* DIContainer */,
			);
			path = Application;
			sourceTree = "<group>";
		};
		F45028F4A9B48F76572C9771 /* Frameworks */ = {
			isa = PBXGroup;
			children = (
				6E1A9FD8F38EE961E777D265 /* Pods_CashFlow.framework */,
			);
			name = Frameworks;
			sourceTree = "<group>";
		};
/* End PBXGroup section */

/* Begin PBXNativeTarget section */
		9A1612352A6DE6CB0032743E /* CashFlow */ = {
			isa = PBXNativeTarget;
			buildConfigurationList = 9A1612442A6DE6CE0032743E /* Build configuration list for PBXNativeTarget "CashFlow" */;
			buildPhases = (
				5F7AA1B9305FA413DA2A6651 /* [CP] Check Pods Manifest.lock */,
				9A1612322A6DE6CB0032743E /* Sources */,
				9A1612332A6DE6CB0032743E /* Frameworks */,
				9A1612342A6DE6CB0032743E /* Resources */,
				EEB52A2488C63AD9493BC1F0 /* [CP] Embed Pods Frameworks */,
				F253C05FBCBC63429071FFB1 /* [CP] Copy Pods Resources */,
			);
			buildRules = (
			);
			dependencies = (
			);
			name = CashFlow;
			packageProductDependencies = (
				9ACDA9C22AB31FBD00002DE7 /* FirebaseAuth */,
				9ACDA9C42AB31FBD00002DE7 /* FirebaseAuthCombine-Community */,
				9ACDA9C62AB31FBD00002DE7 /* FirebaseDatabase */,
				9ACDA9C82AB31FBD00002DE7 /* FirebaseDatabaseSwift */,
				9ACDA9CA2AB31FBD00002DE7 /* FirebaseFirestore */,
				9ACDA9CC2AB31FBD00002DE7 /* FirebaseFirestoreCombine-Community */,
				9ACDA9CE2AB31FBD00002DE7 /* FirebaseFirestoreSwift */,
				9ACDA9D02AB31FBD00002DE7 /* FirebaseStorage */,
				9ACDA9D22AB31FBD00002DE7 /* FirebaseStorageCombine-Community */,
				9A656CF72AB67708003B2F42 /* GoogleSignIn */,
				9A656CF92AB67708003B2F42 /* GoogleSignInSwift */,
				9A656CFD2ABD05ED003B2F42 /* FacebookLogin */,
			);
			productName = CashFlow;
			productReference = 9A1612362A6DE6CB0032743E /* CashFlow.app */;
			productType = "com.apple.product-type.application";
		};
/* End PBXNativeTarget section */

/* Begin PBXProject section */
		9A16122E2A6DE6CB0032743E /* Project object */ = {
			isa = PBXProject;
			attributes = {
				BuildIndependentTargetsInParallel = 1;
				LastSwiftUpdateCheck = 1430;
				LastUpgradeCheck = 1430;
				TargetAttributes = {
					9A1612352A6DE6CB0032743E = {
						CreatedOnToolsVersion = 14.3.1;
					};
				};
			};
			buildConfigurationList = 9A1612312A6DE6CB0032743E /* Build configuration list for PBXProject "CashFlow" */;
			compatibilityVersion = "Xcode 14.0";
			developmentRegion = en;
			hasScannedForEncodings = 0;
			knownRegions = (
				en,
				Base,
			);
			mainGroup = 9A16122D2A6DE6CB0032743E;
			packageReferences = (
				9ACDA9C12AB31FBD00002DE7 /* XCRemoteSwiftPackageReference "firebase-ios-sdk" */,
				9A656CF62AB67708003B2F42 /* XCRemoteSwiftPackageReference "GoogleSignIn-iOS" */,
				9A656CFC2ABD05ED003B2F42 /* XCRemoteSwiftPackageReference "facebook-ios-sdk" */,
			);
			productRefGroup = 9A1612372A6DE6CB0032743E /* Products */;
			projectDirPath = "";
			projectRoot = "";
			targets = (
				9A1612352A6DE6CB0032743E /* CashFlow */,
			);
		};
/* End PBXProject section */

/* Begin PBXResourcesBuildPhase section */
		9A1612342A6DE6CB0032743E /* Resources */ = {
			isa = PBXResourcesBuildPhase;
			buildActionMask = 2147483647;
			files = (
				9A1612412A6DE6CE0032743E /* Preview Assets.xcassets in Resources */,
				9AB5235E2AB3FD46005EA49C /* Main.storyboard in Resources */,
				9A16123E2A6DE6CE0032743E /* Assets.xcassets in Resources */,
				9A4B72C82AA7494B0091E313 /* GoogleService-Info.plist in Resources */,
				9AB523572AB3DE95005EA49C /* image_has_text.jpg in Resources */,
			);
			runOnlyForDeploymentPostprocessing = 0;
		};
/* End PBXResourcesBuildPhase section */

/* Begin PBXShellScriptBuildPhase section */
		5F7AA1B9305FA413DA2A6651 /* [CP] Check Pods Manifest.lock */ = {
			isa = PBXShellScriptBuildPhase;
			buildActionMask = 2147483647;
			files = (
			);
			inputFileListPaths = (
			);
			inputPaths = (
				"${PODS_PODFILE_DIR_PATH}/Podfile.lock",
				"${PODS_ROOT}/Manifest.lock",
			);
			name = "[CP] Check Pods Manifest.lock";
			outputFileListPaths = (
			);
			outputPaths = (
				"$(DERIVED_FILE_DIR)/Pods-CashFlow-checkManifestLockResult.txt",
			);
			runOnlyForDeploymentPostprocessing = 0;
			shellPath = /bin/sh;
			shellScript = "diff \"${PODS_PODFILE_DIR_PATH}/Podfile.lock\" \"${PODS_ROOT}/Manifest.lock\" > /dev/null\nif [ $? != 0 ] ; then\n    # print error to STDERR\n    echo \"error: The sandbox is not in sync with the Podfile.lock. Run 'pod install' or update your CocoaPods installation.\" >&2\n    exit 1\nfi\n# This output is used by Xcode 'outputs' to avoid re-running this script phase.\necho \"SUCCESS\" > \"${SCRIPT_OUTPUT_FILE_0}\"\n";
			showEnvVarsInLog = 0;
		};
		EEB52A2488C63AD9493BC1F0 /* [CP] Embed Pods Frameworks */ = {
			isa = PBXShellScriptBuildPhase;
			buildActionMask = 2147483647;
			files = (
			);
			inputFileListPaths = (
				"${PODS_ROOT}/Target Support Files/Pods-CashFlow/Pods-CashFlow-frameworks-${CONFIGURATION}-input-files.xcfilelist",
			);
			name = "[CP] Embed Pods Frameworks";
			outputFileListPaths = (
				"${PODS_ROOT}/Target Support Files/Pods-CashFlow/Pods-CashFlow-frameworks-${CONFIGURATION}-output-files.xcfilelist",
			);
			runOnlyForDeploymentPostprocessing = 0;
			shellPath = /bin/sh;
			shellScript = "\"${PODS_ROOT}/Target Support Files/Pods-CashFlow/Pods-CashFlow-frameworks.sh\"\n";
			showEnvVarsInLog = 0;
		};
		F253C05FBCBC63429071FFB1 /* [CP] Copy Pods Resources */ = {
			isa = PBXShellScriptBuildPhase;
			buildActionMask = 2147483647;
			files = (
			);
			inputFileListPaths = (
				"${PODS_ROOT}/Target Support Files/Pods-CashFlow/Pods-CashFlow-resources-${CONFIGURATION}-input-files.xcfilelist",
			);
			name = "[CP] Copy Pods Resources";
			outputFileListPaths = (
				"${PODS_ROOT}/Target Support Files/Pods-CashFlow/Pods-CashFlow-resources-${CONFIGURATION}-output-files.xcfilelist",
			);
			runOnlyForDeploymentPostprocessing = 0;
			shellPath = /bin/sh;
			shellScript = "\"${PODS_ROOT}/Target Support Files/Pods-CashFlow/Pods-CashFlow-resources.sh\"\n";
			showEnvVarsInLog = 0;
		};
/* End PBXShellScriptBuildPhase section */

/* Begin PBXSourcesBuildPhase section */
		9A1612322A6DE6CB0032743E /* Sources */ = {
			isa = PBXSourcesBuildPhase;
			buildActionMask = 2147483647;
			files = (
				9A70BD102AC093C000155BA9 /* MiniDonut.swift in Sources */,
				7F1518C32AC71DA40004540A /* ChartMonthlyView.swift in Sources */,
				9A83CA682AE9908600B24196 /* IncomeRequestDTO.swift in Sources */,
				9A70BD452AC513EA00155BA9 /* DeleteEntry.swift in Sources */,
				9A70BD5A2AC518BF00155BA9 /* VisualizeEntryHistory.swift in Sources */,
				9A70BD0C2AC091C400155BA9 /* ChartData.swift in Sources */,
				9A70BD372AC3C83400155BA9 /* Entry.swift in Sources */,
				9AD1A3292AE1FF0F0034972E /* AppConfiguration.swift in Sources */,
				9A70BD3D2AC5139C00155BA9 /* EnterExpense.swift in Sources */,
				9A83CA602AE6A80B00B24196 /* EntryLogDIContainer.swift in Sources */,
				9A70BD062ABE7BAF00155BA9 /* CustomTopTabBar.swift in Sources */,
				7F8345DA2AEEEB1000E4D3DA /* EditExpenseView.swift in Sources */,
				9A6AD1952A957A9D0047CCD0 /* LoginView.swift in Sources */,
				9A70BD2C2AC3C5E000155BA9 /* Income.swift in Sources */,
				9AD1A30B2AE1BA530034972E /* ExpenseRepository.swift in Sources */,
				9A70BD022ABE764200155BA9 /* TabBarButton.swift in Sources */,
				9A70BD642AC527B400155BA9 /* IncomeHistoryView.swift in Sources */,
				9A70BD2F2AC3C65400155BA9 /* ExpenseCategory.swift in Sources */,
				7F8345D82AEB64CE00E4D3DA /* EditIncomeView.swift in Sources */,
				9AD1A3202AE1E0FA0034972E /* NetworkConfig.swift in Sources */,
				7F8345D52AEB3F9B00E4D3DA /* EditProfileView.swift in Sources */,
				9A83CA5E2AE62FFE00B24196 /* AppDIContainer.swift in Sources */,
				9AB523592AB3E2E9005EA49C /* MLKitExtensions.swift in Sources */,
				9A70BD312AC3C69D00155BA9 /* IncomeCategory.swift in Sources */,
				7F3B430F2AC7EA0200DA791C /* PopUpIncomeView.swift in Sources */,
				9A70BD162AC0D8AC00155BA9 /* ExpenseHistoryView.swift in Sources */,
				7F1518C82AC73F030004540A /* TotalCustomView.swift in Sources */,
				9A83CA622AE716E300B24196 /* ViewEntry.swift in Sources */,
				9A70BD432AC513D400155BA9 /* EditEntry.swift in Sources */,
				9A656D002ABD0A30003B2F42 /* FacebookAuthentication.swift in Sources */,
				9A70BD4C2AC5157100155BA9 /* EditExpenseItem.swift in Sources */,
				9A83CA662AE7685A00B24196 /* IncomeResponseDTO.swift in Sources */,
				9A70BD092ABE802600155BA9 /* ImageInputViewControllerRepresentable.swift in Sources */,
				7FCDB3792AC9533B00C6FFC5 /* User.swift in Sources */,
				9AD1A30F2AE1D4E40034972E /* DefaultExpenseRepository.swift in Sources */,
				9A88D6DD2AE6016F00CF0B56 /* EntryHistoryViewModel.swift in Sources */,
				9A70BD412AC513C300155BA9 /* ScanImage.swift in Sources */,
				9AD1A3172AE1D5E20034972E /* ExpenseResponseDTO.swift in Sources */,
				9AB523502AB32522005EA49C /* ImageInputViewController.swift in Sources */,
				9AD1A31C2AE1E0720034972E /* Endpoint.swift in Sources */,
				9AD1A31E2AE1E0DA0034972E /* DataTransferService.swift in Sources */,
				7F2600A32AEF1BC6004ADD71 /* SharedData.swift in Sources */,
				7F1518BD2AC680C70004540A /* MonthlyView.swift in Sources */,
				9AF2BAB92AA7AA6D00D64FC7 /* AuthViewModel.swift in Sources */,
				9A70BD392AC5133800155BA9 /* SignUp.swift in Sources */,
				9AD1A3222AE1E10F0034972E /* NetworkService.swift in Sources */,
				9AD1A3262AE1E36E0034972E /* Cancellable.swift in Sources */,
				9A70BD5C2AC518E100155BA9 /* VisualizeInsights.swift in Sources */,
				9A70BD142AC0D6FC00155BA9 /* ExpenseHistoryRow.swift in Sources */,
				9A70BD622AC524D600155BA9 /* IncomeHistoryRow.swift in Sources */,
				9A4B72C62AA748760091E313 /* EntryLogView.swift in Sources */,
				9A70BD332AC3C6E200155BA9 /* Expense.swift in Sources */,
				9A16123A2A6DE6CB0032743E /* CashFlowApp.swift in Sources */,
				9A70BD4E2AC515E200155BA9 /* DeleteExpenseItem.swift in Sources */,
				9AD1A3242AE1E3250034972E /* RepositoryTask.swift in Sources */,
				9AD1A30D2AE1BA5F0034972E /* IncomeRepository.swift in Sources */,
				9AB523542AB32803005EA49C /* UIUtilities.swift in Sources */,
				9AD1A3122AE1D5770034972E /* APIEndpoints.swift in Sources */,
				9A70BD1D2AC0E84600155BA9 /* CategoryButton.swift in Sources */,
				7F1518CA2AC73F310004540A /* TotalButton.swift in Sources */,
				9AD1A3152AE1D5D90034972E /* ExpenseRequestDTO.swift in Sources */,
				9A70BD3B2AC5134800155BA9 /* LogIn.swift in Sources */,
				9A70BD4A2AC5155800155BA9 /* AddExpenseItem.swift in Sources */,
				7F1518C52AC721290004540A /* AnyEntry.swift in Sources */,
				7FCDB3772AC944FD00C6FFC5 /* MenuView.swift in Sources */,
				9A83CA642AE7675C00B24196 /* DefaultIncomeRepository.swift in Sources */,
				9A70BD3F2AC513B300155BA9 /* EnterIncome.swift in Sources */,
				9A70BD042ABE76CF00155BA9 /* EdgeBorder.swift in Sources */,
				7F5793D92AC9737500C5877F /* ItemMenu.swift in Sources */,
				9A6AD1972A958F8E0047CCD0 /* SignupView.swift in Sources */,
				9A70BD602AC51AC600155BA9 /* ColorExtension.swift in Sources */,
			);
			runOnlyForDeploymentPostprocessing = 0;
		};
/* End PBXSourcesBuildPhase section */

/* Begin XCBuildConfiguration section */
		9A1612422A6DE6CE0032743E /* Debug */ = {
			isa = XCBuildConfiguration;
			buildSettings = {
				ALWAYS_SEARCH_USER_PATHS = NO;
				CLANG_ANALYZER_NONNULL = YES;
				CLANG_ANALYZER_NUMBER_OBJECT_CONVERSION = YES_AGGRESSIVE;
				CLANG_CXX_LANGUAGE_STANDARD = "gnu++20";
				CLANG_ENABLE_MODULES = YES;
				CLANG_ENABLE_OBJC_ARC = YES;
				CLANG_ENABLE_OBJC_WEAK = YES;
				CLANG_WARN_BLOCK_CAPTURE_AUTORELEASING = YES;
				CLANG_WARN_BOOL_CONVERSION = YES;
				CLANG_WARN_COMMA = YES;
				CLANG_WARN_CONSTANT_CONVERSION = YES;
				CLANG_WARN_DEPRECATED_OBJC_IMPLEMENTATIONS = YES;
				CLANG_WARN_DIRECT_OBJC_ISA_USAGE = YES_ERROR;
				CLANG_WARN_DOCUMENTATION_COMMENTS = YES;
				CLANG_WARN_EMPTY_BODY = YES;
				CLANG_WARN_ENUM_CONVERSION = YES;
				CLANG_WARN_INFINITE_RECURSION = YES;
				CLANG_WARN_INT_CONVERSION = YES;
				CLANG_WARN_NON_LITERAL_NULL_CONVERSION = YES;
				CLANG_WARN_OBJC_IMPLICIT_RETAIN_SELF = YES;
				CLANG_WARN_OBJC_LITERAL_CONVERSION = YES;
				CLANG_WARN_OBJC_ROOT_CLASS = YES_ERROR;
				CLANG_WARN_QUOTED_INCLUDE_IN_FRAMEWORK_HEADER = YES;
				CLANG_WARN_RANGE_LOOP_ANALYSIS = YES;
				CLANG_WARN_STRICT_PROTOTYPES = YES;
				CLANG_WARN_SUSPICIOUS_MOVE = YES;
				CLANG_WARN_UNGUARDED_AVAILABILITY = YES_AGGRESSIVE;
				CLANG_WARN_UNREACHABLE_CODE = YES;
				CLANG_WARN__DUPLICATE_METHOD_MATCH = YES;
				COPY_PHASE_STRIP = NO;
				DEBUG_INFORMATION_FORMAT = dwarf;
				ENABLE_STRICT_OBJC_MSGSEND = YES;
				ENABLE_TESTABILITY = YES;
				GCC_C_LANGUAGE_STANDARD = gnu11;
				GCC_DYNAMIC_NO_PIC = NO;
				GCC_NO_COMMON_BLOCKS = YES;
				GCC_OPTIMIZATION_LEVEL = 0;
				GCC_PREPROCESSOR_DEFINITIONS = (
					"DEBUG=1",
					"$(inherited)",
				);
				GCC_WARN_64_TO_32_BIT_CONVERSION = YES;
				GCC_WARN_ABOUT_RETURN_TYPE = YES_ERROR;
				GCC_WARN_UNDECLARED_SELECTOR = YES;
				GCC_WARN_UNINITIALIZED_AUTOS = YES_AGGRESSIVE;
				GCC_WARN_UNUSED_FUNCTION = YES;
				GCC_WARN_UNUSED_VARIABLE = YES;
				IPHONEOS_DEPLOYMENT_TARGET = 16.4;
				MTL_ENABLE_DEBUG_INFO = INCLUDE_SOURCE;
				MTL_FAST_MATH = YES;
				ONLY_ACTIVE_ARCH = YES;
				SDKROOT = iphoneos;
				SWIFT_ACTIVE_COMPILATION_CONDITIONS = DEBUG;
				SWIFT_OPTIMIZATION_LEVEL = "-Onone";
			};
			name = Debug;
		};
		9A1612432A6DE6CE0032743E /* Release */ = {
			isa = XCBuildConfiguration;
			buildSettings = {
				ALWAYS_SEARCH_USER_PATHS = NO;
				CLANG_ANALYZER_NONNULL = YES;
				CLANG_ANALYZER_NUMBER_OBJECT_CONVERSION = YES_AGGRESSIVE;
				CLANG_CXX_LANGUAGE_STANDARD = "gnu++20";
				CLANG_ENABLE_MODULES = YES;
				CLANG_ENABLE_OBJC_ARC = YES;
				CLANG_ENABLE_OBJC_WEAK = YES;
				CLANG_WARN_BLOCK_CAPTURE_AUTORELEASING = YES;
				CLANG_WARN_BOOL_CONVERSION = YES;
				CLANG_WARN_COMMA = YES;
				CLANG_WARN_CONSTANT_CONVERSION = YES;
				CLANG_WARN_DEPRECATED_OBJC_IMPLEMENTATIONS = YES;
				CLANG_WARN_DIRECT_OBJC_ISA_USAGE = YES_ERROR;
				CLANG_WARN_DOCUMENTATION_COMMENTS = YES;
				CLANG_WARN_EMPTY_BODY = YES;
				CLANG_WARN_ENUM_CONVERSION = YES;
				CLANG_WARN_INFINITE_RECURSION = YES;
				CLANG_WARN_INT_CONVERSION = YES;
				CLANG_WARN_NON_LITERAL_NULL_CONVERSION = YES;
				CLANG_WARN_OBJC_IMPLICIT_RETAIN_SELF = YES;
				CLANG_WARN_OBJC_LITERAL_CONVERSION = YES;
				CLANG_WARN_OBJC_ROOT_CLASS = YES_ERROR;
				CLANG_WARN_QUOTED_INCLUDE_IN_FRAMEWORK_HEADER = YES;
				CLANG_WARN_RANGE_LOOP_ANALYSIS = YES;
				CLANG_WARN_STRICT_PROTOTYPES = YES;
				CLANG_WARN_SUSPICIOUS_MOVE = YES;
				CLANG_WARN_UNGUARDED_AVAILABILITY = YES_AGGRESSIVE;
				CLANG_WARN_UNREACHABLE_CODE = YES;
				CLANG_WARN__DUPLICATE_METHOD_MATCH = YES;
				COPY_PHASE_STRIP = NO;
				DEBUG_INFORMATION_FORMAT = "dwarf-with-dsym";
				ENABLE_NS_ASSERTIONS = NO;
				ENABLE_STRICT_OBJC_MSGSEND = YES;
				GCC_C_LANGUAGE_STANDARD = gnu11;
				GCC_NO_COMMON_BLOCKS = YES;
				GCC_WARN_64_TO_32_BIT_CONVERSION = YES;
				GCC_WARN_ABOUT_RETURN_TYPE = YES_ERROR;
				GCC_WARN_UNDECLARED_SELECTOR = YES;
				GCC_WARN_UNINITIALIZED_AUTOS = YES_AGGRESSIVE;
				GCC_WARN_UNUSED_FUNCTION = YES;
				GCC_WARN_UNUSED_VARIABLE = YES;
				IPHONEOS_DEPLOYMENT_TARGET = 16.4;
				MTL_ENABLE_DEBUG_INFO = NO;
				MTL_FAST_MATH = YES;
				SDKROOT = iphoneos;
				SWIFT_COMPILATION_MODE = wholemodule;
				SWIFT_OPTIMIZATION_LEVEL = "-O";
				VALIDATE_PRODUCT = YES;
			};
			name = Release;
		};
		9A1612452A6DE6CE0032743E /* Debug */ = {
			isa = XCBuildConfiguration;
			baseConfigurationReference = D355B3A2F7BC7D22BBEC71E3 /* Pods-CashFlow.debug.xcconfig */;
			buildSettings = {
				ASSETCATALOG_COMPILER_APPICON_NAME = AppIcon;
				ASSETCATALOG_COMPILER_GLOBAL_ACCENT_COLOR_NAME = AccentColor;
				CODE_SIGN_IDENTITY = "Apple Development";
				CODE_SIGN_STYLE = Automatic;
				CURRENT_PROJECT_VERSION = 1;
				DEVELOPMENT_ASSET_PATHS = "\"CashFlow/Preview Content\"";
				DEVELOPMENT_TEAM = WXFW7D6G6Z;
				ENABLE_PREVIEWS = YES;
				FirebaseAppDelegateProxyEnabled = NO;
				GENERATE_INFOPLIST_FILE = YES;
				INFOPLIST_FILE = CashFlow/Info.plist;
				INFOPLIST_KEY_CFBundleDisplayName = CashFlow;
				INFOPLIST_KEY_NSCameraUsageDescription = "Esta aplicación utiliza los datos de su cámara para el escaneo automático de gastos.";
				INFOPLIST_KEY_UIApplicationSceneManifest_Generation = YES;
				INFOPLIST_KEY_UIApplicationSupportsIndirectInputEvents = YES;
				INFOPLIST_KEY_UILaunchScreen_Generation = YES;
				INFOPLIST_KEY_UISupportedInterfaceOrientations_iPad = "UIInterfaceOrientationPortrait UIInterfaceOrientationPortraitUpsideDown UIInterfaceOrientationLandscapeLeft UIInterfaceOrientationLandscapeRight";
				INFOPLIST_KEY_UISupportedInterfaceOrientations_iPhone = "UIInterfaceOrientationPortrait UIInterfaceOrientationLandscapeLeft UIInterfaceOrientationLandscapeRight";
				IPHONEOS_DEPLOYMENT_TARGET = 16.0;
				LD_RUNPATH_SEARCH_PATHS = (
					"$(inherited)",
					"@executable_path/Frameworks",
				);
				MARKETING_VERSION = 1.0;
				PRODUCT_BUNDLE_IDENTIFIER = com.cristobalcastrillon.CashFlow3;
				PRODUCT_NAME = "$(TARGET_NAME)";
				PROVISIONING_PROFILE_SPECIFIER = "";
				SWIFT_EMIT_LOC_STRINGS = YES;
				SWIFT_VERSION = 5.0;
				TARGETED_DEVICE_FAMILY = "1,2";
			};
			name = Debug;
		};
		9A1612462A6DE6CE0032743E /* Release */ = {
			isa = XCBuildConfiguration;
			baseConfigurationReference = BE38DCDF0F19421B33AA677B /* Pods-CashFlow.release.xcconfig */;
			buildSettings = {
				ASSETCATALOG_COMPILER_APPICON_NAME = AppIcon;
				ASSETCATALOG_COMPILER_GLOBAL_ACCENT_COLOR_NAME = AccentColor;
				CODE_SIGN_IDENTITY = "Apple Development";
				CODE_SIGN_STYLE = Automatic;
				CURRENT_PROJECT_VERSION = 1;
				DEVELOPMENT_ASSET_PATHS = "\"CashFlow/Preview Content\"";
				DEVELOPMENT_TEAM = 6HD9C3J3FV;
				ENABLE_PREVIEWS = YES;
				FirebaseAppDelegateProxyEnabled = NO;
				GENERATE_INFOPLIST_FILE = YES;
				INFOPLIST_FILE = CashFlow/Info.plist;
				INFOPLIST_KEY_CFBundleDisplayName = CashFlow;
				INFOPLIST_KEY_NSCameraUsageDescription = "Esta aplicación utiliza los datos de su cámara para el escaneo automático de gastos.";
				INFOPLIST_KEY_UIApplicationSceneManifest_Generation = YES;
				INFOPLIST_KEY_UIApplicationSupportsIndirectInputEvents = YES;
				INFOPLIST_KEY_UILaunchScreen_Generation = YES;
				INFOPLIST_KEY_UISupportedInterfaceOrientations_iPad = "UIInterfaceOrientationPortrait UIInterfaceOrientationPortraitUpsideDown UIInterfaceOrientationLandscapeLeft UIInterfaceOrientationLandscapeRight";
				INFOPLIST_KEY_UISupportedInterfaceOrientations_iPhone = "UIInterfaceOrientationPortrait UIInterfaceOrientationLandscapeLeft UIInterfaceOrientationLandscapeRight";
				IPHONEOS_DEPLOYMENT_TARGET = 16.0;
				LD_RUNPATH_SEARCH_PATHS = (
					"$(inherited)",
					"@executable_path/Frameworks",
				);
				MARKETING_VERSION = 1.0;
				PRODUCT_BUNDLE_IDENTIFIER = com.cristobalcastrillon.CashFlow4;
				PRODUCT_NAME = "$(TARGET_NAME)";
				PROVISIONING_PROFILE_SPECIFIER = "";
				SWIFT_EMIT_LOC_STRINGS = YES;
				SWIFT_VERSION = 5.0;
				TARGETED_DEVICE_FAMILY = "1,2";
			};
			name = Release;
		};
/* End XCBuildConfiguration section */

/* Begin XCConfigurationList section */
		9A1612312A6DE6CB0032743E /* Build configuration list for PBXProject "CashFlow" */ = {
			isa = XCConfigurationList;
			buildConfigurations = (
				9A1612422A6DE6CE0032743E /* Debug */,
				9A1612432A6DE6CE0032743E /* Release */,
			);
			defaultConfigurationIsVisible = 0;
			defaultConfigurationName = Release;
		};
		9A1612442A6DE6CE0032743E /* Build configuration list for PBXNativeTarget "CashFlow" */ = {
			isa = XCConfigurationList;
			buildConfigurations = (
				9A1612452A6DE6CE0032743E /* Debug */,
				9A1612462A6DE6CE0032743E /* Release */,
			);
			defaultConfigurationIsVisible = 0;
			defaultConfigurationName = Release;
		};
/* End XCConfigurationList section */

/* Begin XCRemoteSwiftPackageReference section */
		9A656CF62AB67708003B2F42 /* XCRemoteSwiftPackageReference "GoogleSignIn-iOS" */ = {
			isa = XCRemoteSwiftPackageReference;
			repositoryURL = "https://github.com/google/GoogleSignIn-iOS";
			requirement = {
				kind = upToNextMajorVersion;
				minimumVersion = 7.0.0;
			};
		};
		9A656CFC2ABD05ED003B2F42 /* XCRemoteSwiftPackageReference "facebook-ios-sdk" */ = {
			isa = XCRemoteSwiftPackageReference;
			repositoryURL = "https://github.com/facebook/facebook-ios-sdk";
			requirement = {
				kind = upToNextMajorVersion;
				minimumVersion = 14.0.0;
			};
		};
		9ACDA9C12AB31FBD00002DE7 /* XCRemoteSwiftPackageReference "firebase-ios-sdk" */ = {
			isa = XCRemoteSwiftPackageReference;
			repositoryURL = "https://github.com/firebase/firebase-ios-sdk";
			requirement = {
				kind = upToNextMajorVersion;
				minimumVersion = 10.0.0;
			};
		};
/* End XCRemoteSwiftPackageReference section */

/* Begin XCSwiftPackageProductDependency section */
		9A656CF72AB67708003B2F42 /* GoogleSignIn */ = {
			isa = XCSwiftPackageProductDependency;
			package = 9A656CF62AB67708003B2F42 /* XCRemoteSwiftPackageReference "GoogleSignIn-iOS" */;
			productName = GoogleSignIn;
		};
		9A656CF92AB67708003B2F42 /* GoogleSignInSwift */ = {
			isa = XCSwiftPackageProductDependency;
			package = 9A656CF62AB67708003B2F42 /* XCRemoteSwiftPackageReference "GoogleSignIn-iOS" */;
			productName = GoogleSignInSwift;
		};
		9A656CFD2ABD05ED003B2F42 /* FacebookLogin */ = {
			isa = XCSwiftPackageProductDependency;
			package = 9A656CFC2ABD05ED003B2F42 /* XCRemoteSwiftPackageReference "facebook-ios-sdk" */;
			productName = FacebookLogin;
		};
		9ACDA9C22AB31FBD00002DE7 /* FirebaseAuth */ = {
			isa = XCSwiftPackageProductDependency;
			package = 9ACDA9C12AB31FBD00002DE7 /* XCRemoteSwiftPackageReference "firebase-ios-sdk" */;
			productName = FirebaseAuth;
		};
		9ACDA9C42AB31FBD00002DE7 /* FirebaseAuthCombine-Community */ = {
			isa = XCSwiftPackageProductDependency;
			package = 9ACDA9C12AB31FBD00002DE7 /* XCRemoteSwiftPackageReference "firebase-ios-sdk" */;
			productName = "FirebaseAuthCombine-Community";
		};
		9ACDA9C62AB31FBD00002DE7 /* FirebaseDatabase */ = {
			isa = XCSwiftPackageProductDependency;
			package = 9ACDA9C12AB31FBD00002DE7 /* XCRemoteSwiftPackageReference "firebase-ios-sdk" */;
			productName = FirebaseDatabase;
		};
		9ACDA9C82AB31FBD00002DE7 /* FirebaseDatabaseSwift */ = {
			isa = XCSwiftPackageProductDependency;
			package = 9ACDA9C12AB31FBD00002DE7 /* XCRemoteSwiftPackageReference "firebase-ios-sdk" */;
			productName = FirebaseDatabaseSwift;
		};
		9ACDA9CA2AB31FBD00002DE7 /* FirebaseFirestore */ = {
			isa = XCSwiftPackageProductDependency;
			package = 9ACDA9C12AB31FBD00002DE7 /* XCRemoteSwiftPackageReference "firebase-ios-sdk" */;
			productName = FirebaseFirestore;
		};
		9ACDA9CC2AB31FBD00002DE7 /* FirebaseFirestoreCombine-Community */ = {
			isa = XCSwiftPackageProductDependency;
			package = 9ACDA9C12AB31FBD00002DE7 /* XCRemoteSwiftPackageReference "firebase-ios-sdk" */;
			productName = "FirebaseFirestoreCombine-Community";
		};
		9ACDA9CE2AB31FBD00002DE7 /* FirebaseFirestoreSwift */ = {
			isa = XCSwiftPackageProductDependency;
			package = 9ACDA9C12AB31FBD00002DE7 /* XCRemoteSwiftPackageReference "firebase-ios-sdk" */;
			productName = FirebaseFirestoreSwift;
		};
		9ACDA9D02AB31FBD00002DE7 /* FirebaseStorage */ = {
			isa = XCSwiftPackageProductDependency;
			package = 9ACDA9C12AB31FBD00002DE7 /* XCRemoteSwiftPackageReference "firebase-ios-sdk" */;
			productName = FirebaseStorage;
		};
		9ACDA9D22AB31FBD00002DE7 /* FirebaseStorageCombine-Community */ = {
			isa = XCSwiftPackageProductDependency;
			package = 9ACDA9C12AB31FBD00002DE7 /* XCRemoteSwiftPackageReference "firebase-ios-sdk" */;
			productName = "FirebaseStorageCombine-Community";
		};
/* End XCSwiftPackageProductDependency section */
	};
	rootObject = 9A16122E2A6DE6CB0032743E /* Project object */;
}
